// !$*UTF8*$!
{
	archiveVersion = 1;
	classes = {
	};
	objectVersion = 46;
	objects = {

/* Begin PBXBuildFile section */
		187572EB1CB216650095F112 /* Goal.swift in Sources */ = {isa = PBXBuildFile; fileRef = 187572EA1CB216650095F112 /* Goal.swift */; };
		187572ED1CB216690095F112 /* GoalDataManager.swift in Sources */ = {isa = PBXBuildFile; fileRef = 187572EC1CB216690095F112 /* GoalDataManager.swift */; };
		187572EF1CB216750095F112 /* GoalsViewController.swift in Sources */ = {isa = PBXBuildFile; fileRef = 187572EE1CB216750095F112 /* GoalsViewController.swift */; };
		187572F11CB2167D0095F112 /* GoalsCollectionViewCell.swift in Sources */ = {isa = PBXBuildFile; fileRef = 187572F01CB2167D0095F112 /* GoalsCollectionViewCell.swift */; };
		187572F31CB216980095F112 /* ChooseGoalsViewController.swift in Sources */ = {isa = PBXBuildFile; fileRef = 187572F21CB216980095F112 /* ChooseGoalsViewController.swift */; };
		187572F51CB2169C0095F112 /* ChooseGoalsCollectionViewCell.swift in Sources */ = {isa = PBXBuildFile; fileRef = 187572F41CB2169C0095F112 /* ChooseGoalsCollectionViewCell.swift */; };
		187572F71CB216A50095F112 /* PersonalizeGoalsViewController.swift in Sources */ = {isa = PBXBuildFile; fileRef = 187572F61CB216A50095F112 /* PersonalizeGoalsViewController.swift */; };
		187572F91CB216B30095F112 /* ViewGoalsViewController.swift in Sources */ = {isa = PBXBuildFile; fileRef = 187572F81CB216B30095F112 /* ViewGoalsViewController.swift */; };
		187572FB1CB216B80095F112 /* ViewGoalsTableViewCell.swift in Sources */ = {isa = PBXBuildFile; fileRef = 187572FA1CB216B80095F112 /* ViewGoalsTableViewCell.swift */; };
		187572FD1CB216BD0095F112 /* ViewActivitiesViewController.swift in Sources */ = {isa = PBXBuildFile; fileRef = 187572FC1CB216BD0095F112 /* ViewActivitiesViewController.swift */; };
		187572FF1CB216C20095F112 /* ViewActivitiesTableViewCell.swift in Sources */ = {isa = PBXBuildFile; fileRef = 187572FE1CB216C20095F112 /* ViewActivitiesTableViewCell.swift */; };
		187573011CB216CD0095F112 /* ChooseActivitiesTableViewController.swift in Sources */ = {isa = PBXBuildFile; fileRef = 187573001CB216CD0095F112 /* ChooseActivitiesTableViewController.swift */; };
		187573031CB216D10095F112 /* ChooseActivitiesTableViewCell.swift in Sources */ = {isa = PBXBuildFile; fileRef = 187573021CB216D10095F112 /* ChooseActivitiesTableViewCell.swift */; };
		187573051CB216D80095F112 /* HeaderCell.swift in Sources */ = {isa = PBXBuildFile; fileRef = 187573041CB216D80095F112 /* HeaderCell.swift */; };
		187573071CB216E30095F112 /* GradientSlider.swift in Sources */ = {isa = PBXBuildFile; fileRef = 187573061CB216E30095F112 /* GradientSlider.swift */; };
		18C896211CB212260075D3B6 /* GoalBackendData.swift in Sources */ = {isa = PBXBuildFile; fileRef = 18C896201CB212260075D3B6 /* GoalBackendData.swift */; };
		18C896231CB212440075D3B6 /* LineChart.swift in Sources */ = {isa = PBXBuildFile; fileRef = 18C896221CB212440075D3B6 /* LineChart.swift */; };
		18C896251CB2124E0075D3B6 /* GradientBG.swift in Sources */ = {isa = PBXBuildFile; fileRef = 18C896241CB2124E0075D3B6 /* GradientBG.swift */; };
		2A0194881CAF7BD000481E0F /* IntradaySedentary.swift in Sources */ = {isa = PBXBuildFile; fileRef = 2A0194871CAF7BD000481E0F /* IntradaySedentary.swift */; };
		2A01948B1CAF7C0E00481E0F /* Questionnaire.swift in Sources */ = {isa = PBXBuildFile; fileRef = 2A0194891CAF7C0E00481E0F /* Questionnaire.swift */; };
		2A01948C1CAF7C0E00481E0F /* QuestionnaireViewController.swift in Sources */ = {isa = PBXBuildFile; fileRef = 2A01948A1CAF7C0E00481E0F /* QuestionnaireViewController.swift */; };
		2A01948E1CAF7C7E00481E0F /* CheckInViewController.swift in Sources */ = {isa = PBXBuildFile; fileRef = 2A01948D1CAF7C7E00481E0F /* CheckInViewController.swift */; };
		2A0194901CAF7C9400481E0F /* IntradaySedentary+CoreDataProperties.swift in Sources */ = {isa = PBXBuildFile; fileRef = 2A01948F1CAF7C9400481E0F /* IntradaySedentary+CoreDataProperties.swift */; };
		2A0194921CAF7CA100481E0F /* IntradaySleepTime+CoreDataProperties.swift in Sources */ = {isa = PBXBuildFile; fileRef = 2A0194911CAF7CA100481E0F /* IntradaySleepTime+CoreDataProperties.swift */; };
		2A0194941CAF7CAE00481E0F /* IntradaySleepTime.swift in Sources */ = {isa = PBXBuildFile; fileRef = 2A0194931CAF7CAE00481E0F /* IntradaySleepTime.swift */; };
		2A03947F1CAE631800B2B1AE /* ActionViewController.swift in Sources */ = {isa = PBXBuildFile; fileRef = 2A03947E1CAE631800B2B1AE /* ActionViewController.swift */; };
		2A1F7C701C9296A700C942CF /* QuestionSet+CoreDataProperties.swift in Sources */ = {isa = PBXBuildFile; fileRef = 2A1F7C6E1C9296A700C942CF /* QuestionSet+CoreDataProperties.swift */; };
		2A1F7C711C9296A700C942CF /* QuestionSet.swift in Sources */ = {isa = PBXBuildFile; fileRef = 2A1F7C6F1C9296A700C942CF /* QuestionSet.swift */; };
		2A2E41E01C80AE8700E78A37 /* Person+CoreDataProperties.swift in Sources */ = {isa = PBXBuildFile; fileRef = 2A2E41DC1C80AE8700E78A37 /* Person+CoreDataProperties.swift */; };
		2A2E41E11C80AE8700E78A37 /* Person.swift in Sources */ = {isa = PBXBuildFile; fileRef = 2A2E41DD1C80AE8700E78A37 /* Person.swift */; };
		2A2E41E21C80AE8700E78A37 /* DailySummary+CoreDataProperties.swift in Sources */ = {isa = PBXBuildFile; fileRef = 2A2E41DE1C80AE8700E78A37 /* DailySummary+CoreDataProperties.swift */; };
		2A2E41E31C80AE8700E78A37 /* DailySummary.swift in Sources */ = {isa = PBXBuildFile; fileRef = 2A2E41DF1C80AE8700E78A37 /* DailySummary.swift */; };
		2A3562B01CA7260500C20CEF /* DateStruct.swift in Sources */ = {isa = PBXBuildFile; fileRef = 2A3562AF1CA7260500C20CEF /* DateStruct.swift */; };
		2A60D87D1CA6F07500205B01 /* DashView.swift in Sources */ = {isa = PBXBuildFile; fileRef = 2A60D87C1CA6F07500205B01 /* DashView.swift */; };
		2A60D8811CA7026F00205B01 /* DataItem.swift in Sources */ = {isa = PBXBuildFile; fileRef = 2A60D8801CA7026F00205B01 /* DataItem.swift */; };
		2A7228C91DB737EA00C00BFE /* MagicalRecord.framework in Frameworks */ = {isa = PBXBuildFile; fileRef = 2A7228C81DB737EA00C00BFE /* MagicalRecord.framework */; };
		2A9FD5211CB19C0500CD3BEB /* ArrayDataConverter.swift in Sources */ = {isa = PBXBuildFile; fileRef = 2A9FD5201CB19C0500CD3BEB /* ArrayDataConverter.swift */; };
		2AAA60DC1C72960300957BEF /* AppDelegate.swift in Sources */ = {isa = PBXBuildFile; fileRef = 2AAA60DB1C72960300957BEF /* AppDelegate.swift */; };
		2AAA60DE1C72960300957BEF /* ViewController.swift in Sources */ = {isa = PBXBuildFile; fileRef = 2AAA60DD1C72960300957BEF /* ViewController.swift */; };
		2AAA60E11C72960300957BEF /* Main.storyboard in Resources */ = {isa = PBXBuildFile; fileRef = 2AAA60DF1C72960300957BEF /* Main.storyboard */; };
		2AAA60E41C72960300957BEF /* OnMyFeet.xcdatamodeld in Sources */ = {isa = PBXBuildFile; fileRef = 2AAA60E21C72960300957BEF /* OnMyFeet.xcdatamodeld */; };
		2AAA60E61C72960300957BEF /* Assets.xcassets in Resources */ = {isa = PBXBuildFile; fileRef = 2AAA60E51C72960300957BEF /* Assets.xcassets */; };
		2AAA60E91C72960300957BEF /* LaunchScreen.storyboard in Resources */ = {isa = PBXBuildFile; fileRef = 2AAA60E71C72960300957BEF /* LaunchScreen.storyboard */; };
		2AAA60F41C72960300957BEF /* onMyFeetTests.swift in Sources */ = {isa = PBXBuildFile; fileRef = 2AAA60F31C72960300957BEF /* onMyFeetTests.swift */; };
		2ABFEC701C960EE00093D574 /* Constants.swift in Sources */ = {isa = PBXBuildFile; fileRef = 2ABFEC6F1C960EE00093D574 /* Constants.swift */; };
		2ABFEC731C9699630093D574 /* TestViewController.swift in Sources */ = {isa = PBXBuildFile; fileRef = 2ABFEC721C9699630093D574 /* TestViewController.swift */; };
		2ADFEC9D1CAF4E1100DB16DA /* AlarmCell.swift in Sources */ = {isa = PBXBuildFile; fileRef = 2ADFEC9B1CAF4E1100DB16DA /* AlarmCell.swift */; };
		2ADFEC9E1CAF4E1100DB16DA /* AlarmCell.xib in Resources */ = {isa = PBXBuildFile; fileRef = 2ADFEC9C1CAF4E1100DB16DA /* AlarmCell.xib */; };
		2ADFECA11CAF556E00DB16DA /* NewAlarmController.swift in Sources */ = {isa = PBXBuildFile; fileRef = 2ADFEC9F1CAF556E00DB16DA /* NewAlarmController.swift */; };
		2ADFECA21CAF556E00DB16DA /* NewAlarmController.xib in Resources */ = {isa = PBXBuildFile; fileRef = 2ADFECA01CAF556E00DB16DA /* NewAlarmController.xib */; };
		2ADFECA81CAF615100DB16DA /* TimePickerCell.swift in Sources */ = {isa = PBXBuildFile; fileRef = 2ADFECA61CAF615100DB16DA /* TimePickerCell.swift */; };
		2ADFECA91CAF615100DB16DA /* TimePickerCell.xib in Resources */ = {isa = PBXBuildFile; fileRef = 2ADFECA71CAF615100DB16DA /* TimePickerCell.xib */; };
		2ADFECAC1CAF6C9300DB16DA /* RepeatViewController.swift in Sources */ = {isa = PBXBuildFile; fileRef = 2ADFECAA1CAF6C9300DB16DA /* RepeatViewController.swift */; };
		2ADFECAD1CAF6C9300DB16DA /* RepeatViewController.xib in Resources */ = {isa = PBXBuildFile; fileRef = 2ADFECAB1CAF6C9300DB16DA /* RepeatViewController.xib */; };
		2ADFECB01CAF742500DB16DA /* AlarmLabelViewController.swift in Sources */ = {isa = PBXBuildFile; fileRef = 2ADFECAE1CAF742500DB16DA /* AlarmLabelViewController.swift */; };
		2ADFECB11CAF742500DB16DA /* AlarmLabelViewController.xib in Resources */ = {isa = PBXBuildFile; fileRef = 2ADFECAF1CAF742500DB16DA /* AlarmLabelViewController.xib */; };
		2ADFECB41CAF756E00DB16DA /* LabelCell.swift in Sources */ = {isa = PBXBuildFile; fileRef = 2ADFECB21CAF756E00DB16DA /* LabelCell.swift */; };
		2ADFECB51CAF756E00DB16DA /* LabelCell.xib in Resources */ = {isa = PBXBuildFile; fileRef = 2ADFECB31CAF756E00DB16DA /* LabelCell.xib */; };
		2AF69B0E1CB0CC1B00A570E7 /* RepeatCell.swift in Sources */ = {isa = PBXBuildFile; fileRef = 2AF69B0C1CB0CC1B00A570E7 /* RepeatCell.swift */; };
		2AF69B0F1CB0CC1B00A570E7 /* RepeatCell.xib in Resources */ = {isa = PBXBuildFile; fileRef = 2AF69B0D1CB0CC1B00A570E7 /* RepeatCell.xib */; };
		2AF8357F1C7B560000287892 /* LogInViewController.swift in Sources */ = {isa = PBXBuildFile; fileRef = 2AF8357E1C7B560000287892 /* LogInViewController.swift */; };
		2AF835811C7B7E9F00287892 /* MenuCell.swift in Sources */ = {isa = PBXBuildFile; fileRef = 2AF835801C7B7E9F00287892 /* MenuCell.swift */; };
		2AF9BE491CB07F0A007F534E /* Alarm+CoreDataProperties.swift in Sources */ = {isa = PBXBuildFile; fileRef = 2AF9BE471CB07F0A007F534E /* Alarm+CoreDataProperties.swift */; };
		2AF9BE4A1CB07F0A007F534E /* Alarm.swift in Sources */ = {isa = PBXBuildFile; fileRef = 2AF9BE481CB07F0A007F534E /* Alarm.swift */; };
		2AFBE8141CFB7EB00029B08F /* Goal+CoreDataProperties.swift in Sources */ = {isa = PBXBuildFile; fileRef = 2AFBE8131CFB7EB00029B08F /* Goal+CoreDataProperties.swift */; };
		90AE812D27A2A0C9509E174D /* Pods_OnMyFeet.framework in Frameworks */ = {isa = PBXBuildFile; fileRef = 49BB503E3EE43BD95E5294D9 /* Pods_OnMyFeet.framework */; };
		9E3A956A8BF11AC2DF772270 /* Pods_OnMyFeetTests.framework in Frameworks */ = {isa = PBXBuildFile; fileRef = 3E0782D07EC7255AAB4DF1AB /* Pods_OnMyFeetTests.framework */; };
		EB2F92141CFE086B008E65FC /* BaseViewController.swift in Sources */ = {isa = PBXBuildFile; fileRef = EB2F92131CFE086B008E65FC /* BaseViewController.swift */; };
		EB2F92171CFE0949008E65FC /* UIView+Additions.swift in Sources */ = {isa = PBXBuildFile; fileRef = EB2F92161CFE0949008E65FC /* UIView+Additions.swift */; };
		EB2F92191CFE0970008E65FC /* UIColor+Additions.swift in Sources */ = {isa = PBXBuildFile; fileRef = EB2F92181CFE0970008E65FC /* UIColor+Additions.swift */; };
/* End PBXBuildFile section */

/* Begin PBXContainerItemProxy section */
		2AAA60F01C72960300957BEF /* PBXContainerItemProxy */ = {
			isa = PBXContainerItemProxy;
			containerPortal = 2AAA60D01C72960300957BEF /* Project object */;
			proxyType = 1;
			remoteGlobalIDString = 2AAA60D71C72960300957BEF;
			remoteInfo = onMyFeet;
		};
/* End PBXContainerItemProxy section */

/* Begin PBXFileReference section */
		187572EA1CB216650095F112 /* Goal.swift */ = {isa = PBXFileReference; fileEncoding = 4; lastKnownFileType = sourcecode.swift; path = Goal.swift; sourceTree = "<group>"; };
		187572EC1CB216690095F112 /* GoalDataManager.swift */ = {isa = PBXFileReference; fileEncoding = 4; lastKnownFileType = sourcecode.swift; path = GoalDataManager.swift; sourceTree = "<group>"; };
		187572EE1CB216750095F112 /* GoalsViewController.swift */ = {isa = PBXFileReference; fileEncoding = 4; lastKnownFileType = sourcecode.swift; path = GoalsViewController.swift; sourceTree = "<group>"; };
		187572F01CB2167D0095F112 /* GoalsCollectionViewCell.swift */ = {isa = PBXFileReference; fileEncoding = 4; lastKnownFileType = sourcecode.swift; path = GoalsCollectionViewCell.swift; sourceTree = "<group>"; };
		187572F21CB216980095F112 /* ChooseGoalsViewController.swift */ = {isa = PBXFileReference; fileEncoding = 4; lastKnownFileType = sourcecode.swift; path = ChooseGoalsViewController.swift; sourceTree = "<group>"; };
		187572F41CB2169C0095F112 /* ChooseGoalsCollectionViewCell.swift */ = {isa = PBXFileReference; fileEncoding = 4; lastKnownFileType = sourcecode.swift; path = ChooseGoalsCollectionViewCell.swift; sourceTree = "<group>"; };
		187572F61CB216A50095F112 /* PersonalizeGoalsViewController.swift */ = {isa = PBXFileReference; fileEncoding = 4; lastKnownFileType = sourcecode.swift; path = PersonalizeGoalsViewController.swift; sourceTree = "<group>"; };
		187572F81CB216B30095F112 /* ViewGoalsViewController.swift */ = {isa = PBXFileReference; fileEncoding = 4; lastKnownFileType = sourcecode.swift; path = ViewGoalsViewController.swift; sourceTree = "<group>"; };
		187572FA1CB216B80095F112 /* ViewGoalsTableViewCell.swift */ = {isa = PBXFileReference; fileEncoding = 4; lastKnownFileType = sourcecode.swift; path = ViewGoalsTableViewCell.swift; sourceTree = "<group>"; };
		187572FC1CB216BD0095F112 /* ViewActivitiesViewController.swift */ = {isa = PBXFileReference; fileEncoding = 4; lastKnownFileType = sourcecode.swift; path = ViewActivitiesViewController.swift; sourceTree = "<group>"; };
		187572FE1CB216C20095F112 /* ViewActivitiesTableViewCell.swift */ = {isa = PBXFileReference; fileEncoding = 4; lastKnownFileType = sourcecode.swift; path = ViewActivitiesTableViewCell.swift; sourceTree = "<group>"; };
		187573001CB216CD0095F112 /* ChooseActivitiesTableViewController.swift */ = {isa = PBXFileReference; fileEncoding = 4; lastKnownFileType = sourcecode.swift; path = ChooseActivitiesTableViewController.swift; sourceTree = "<group>"; };
		187573021CB216D10095F112 /* ChooseActivitiesTableViewCell.swift */ = {isa = PBXFileReference; fileEncoding = 4; lastKnownFileType = sourcecode.swift; path = ChooseActivitiesTableViewCell.swift; sourceTree = "<group>"; };
		187573041CB216D80095F112 /* HeaderCell.swift */ = {isa = PBXFileReference; fileEncoding = 4; lastKnownFileType = sourcecode.swift; path = HeaderCell.swift; sourceTree = "<group>"; };
		187573061CB216E30095F112 /* GradientSlider.swift */ = {isa = PBXFileReference; fileEncoding = 4; lastKnownFileType = sourcecode.swift; path = GradientSlider.swift; sourceTree = "<group>"; };
		18C896201CB212260075D3B6 /* GoalBackendData.swift */ = {isa = PBXFileReference; fileEncoding = 4; lastKnownFileType = sourcecode.swift; path = GoalBackendData.swift; sourceTree = "<group>"; };
		18C896221CB212440075D3B6 /* LineChart.swift */ = {isa = PBXFileReference; fileEncoding = 4; lastKnownFileType = sourcecode.swift; path = LineChart.swift; sourceTree = "<group>"; };
		18C896241CB2124E0075D3B6 /* GradientBG.swift */ = {isa = PBXFileReference; fileEncoding = 4; lastKnownFileType = sourcecode.swift; path = GradientBG.swift; sourceTree = "<group>"; };
		240F89CFB8837FD94FE6A809 /* Pods-OnMyFeet.debug.xcconfig */ = {isa = PBXFileReference; includeInIndex = 1; lastKnownFileType = text.xcconfig; name = "Pods-OnMyFeet.debug.xcconfig"; path = "Pods/Target Support Files/Pods-OnMyFeet/Pods-OnMyFeet.debug.xcconfig"; sourceTree = "<group>"; };
		2A0194871CAF7BD000481E0F /* IntradaySedentary.swift */ = {isa = PBXFileReference; fileEncoding = 4; lastKnownFileType = sourcecode.swift; path = IntradaySedentary.swift; sourceTree = "<group>"; };
		2A0194891CAF7C0E00481E0F /* Questionnaire.swift */ = {isa = PBXFileReference; fileEncoding = 4; lastKnownFileType = sourcecode.swift; path = Questionnaire.swift; sourceTree = "<group>"; };
		2A01948A1CAF7C0E00481E0F /* QuestionnaireViewController.swift */ = {isa = PBXFileReference; fileEncoding = 4; lastKnownFileType = sourcecode.swift; path = QuestionnaireViewController.swift; sourceTree = "<group>"; };
		2A01948D1CAF7C7E00481E0F /* CheckInViewController.swift */ = {isa = PBXFileReference; fileEncoding = 4; lastKnownFileType = sourcecode.swift; path = CheckInViewController.swift; sourceTree = "<group>"; };
		2A01948F1CAF7C9400481E0F /* IntradaySedentary+CoreDataProperties.swift */ = {isa = PBXFileReference; fileEncoding = 4; lastKnownFileType = sourcecode.swift; path = "IntradaySedentary+CoreDataProperties.swift"; sourceTree = "<group>"; };
		2A0194911CAF7CA100481E0F /* IntradaySleepTime+CoreDataProperties.swift */ = {isa = PBXFileReference; fileEncoding = 4; lastKnownFileType = sourcecode.swift; path = "IntradaySleepTime+CoreDataProperties.swift"; sourceTree = "<group>"; };
		2A0194931CAF7CAE00481E0F /* IntradaySleepTime.swift */ = {isa = PBXFileReference; fileEncoding = 4; lastKnownFileType = sourcecode.swift; path = IntradaySleepTime.swift; sourceTree = "<group>"; };
		2A03947E1CAE631800B2B1AE /* ActionViewController.swift */ = {isa = PBXFileReference; fileEncoding = 4; lastKnownFileType = sourcecode.swift; path = ActionViewController.swift; sourceTree = "<group>"; };
		2A1F7C6E1C9296A700C942CF /* QuestionSet+CoreDataProperties.swift */ = {isa = PBXFileReference; fileEncoding = 4; lastKnownFileType = sourcecode.swift; path = "QuestionSet+CoreDataProperties.swift"; sourceTree = "<group>"; };
		2A1F7C6F1C9296A700C942CF /* QuestionSet.swift */ = {isa = PBXFileReference; fileEncoding = 4; lastKnownFileType = sourcecode.swift; path = QuestionSet.swift; sourceTree = "<group>"; };
		2A2E41DC1C80AE8700E78A37 /* Person+CoreDataProperties.swift */ = {isa = PBXFileReference; fileEncoding = 4; lastKnownFileType = sourcecode.swift; path = "Person+CoreDataProperties.swift"; sourceTree = "<group>"; };
		2A2E41DD1C80AE8700E78A37 /* Person.swift */ = {isa = PBXFileReference; fileEncoding = 4; lastKnownFileType = sourcecode.swift; path = Person.swift; sourceTree = "<group>"; };
		2A2E41DE1C80AE8700E78A37 /* DailySummary+CoreDataProperties.swift */ = {isa = PBXFileReference; fileEncoding = 4; lastKnownFileType = sourcecode.swift; path = "DailySummary+CoreDataProperties.swift"; sourceTree = "<group>"; };
		2A2E41DF1C80AE8700E78A37 /* DailySummary.swift */ = {isa = PBXFileReference; fileEncoding = 4; lastKnownFileType = sourcecode.swift; path = DailySummary.swift; sourceTree = "<group>"; };
		2A3562AF1CA7260500C20CEF /* DateStruct.swift */ = {isa = PBXFileReference; fileEncoding = 4; lastKnownFileType = sourcecode.swift; path = DateStruct.swift; sourceTree = "<group>"; };
		2A60D87C1CA6F07500205B01 /* DashView.swift */ = {isa = PBXFileReference; fileEncoding = 4; lastKnownFileType = sourcecode.swift; path = DashView.swift; sourceTree = "<group>"; };
		2A60D8801CA7026F00205B01 /* DataItem.swift */ = {isa = PBXFileReference; fileEncoding = 4; lastKnownFileType = sourcecode.swift; path = DataItem.swift; sourceTree = "<group>"; };
		2A7228C81DB737EA00C00BFE /* MagicalRecord.framework */ = {isa = PBXFileReference; lastKnownFileType = wrapper.framework; name = MagicalRecord.framework; path = "../../../../Volumes/MyDrive/Developer2/OnMyFeet-amsdwvlbnvvxlcehrgjbgevoxmah/Build/Products/Debug-iphonesimulator/MagicalRecord/MagicalRecord.framework"; sourceTree = "<group>"; };
		2A9FD5201CB19C0500CD3BEB /* ArrayDataConverter.swift */ = {isa = PBXFileReference; fileEncoding = 4; lastKnownFileType = sourcecode.swift; path = ArrayDataConverter.swift; sourceTree = "<group>"; };
		2AAA60D81C72960300957BEF /* OnMyFeet.app */ = {isa = PBXFileReference; explicitFileType = wrapper.application; includeInIndex = 0; path = OnMyFeet.app; sourceTree = BUILT_PRODUCTS_DIR; };
		2AAA60DB1C72960300957BEF /* AppDelegate.swift */ = {isa = PBXFileReference; lastKnownFileType = sourcecode.swift; path = AppDelegate.swift; sourceTree = "<group>"; };
		2AAA60DD1C72960300957BEF /* ViewController.swift */ = {isa = PBXFileReference; lastKnownFileType = sourcecode.swift; path = ViewController.swift; sourceTree = "<group>"; };
		2AAA60E01C72960300957BEF /* Base */ = {isa = PBXFileReference; lastKnownFileType = file.storyboard; name = Base; path = Base.lproj/Main.storyboard; sourceTree = "<group>"; };
		2AAA60E31C72960300957BEF /* OnMyFeet.xcdatamodel */ = {isa = PBXFileReference; lastKnownFileType = wrapper.xcdatamodel; path = OnMyFeet.xcdatamodel; sourceTree = "<group>"; };
		2AAA60E51C72960300957BEF /* Assets.xcassets */ = {isa = PBXFileReference; lastKnownFileType = folder.assetcatalog; path = Assets.xcassets; sourceTree = "<group>"; };
		2AAA60E81C72960300957BEF /* Base */ = {isa = PBXFileReference; lastKnownFileType = file.storyboard; name = Base; path = Base.lproj/LaunchScreen.storyboard; sourceTree = "<group>"; };
		2AAA60EA1C72960300957BEF /* Info.plist */ = {isa = PBXFileReference; lastKnownFileType = text.plist.xml; path = Info.plist; sourceTree = "<group>"; };
		2AAA60EF1C72960300957BEF /* OnMyFeet.xctest */ = {isa = PBXFileReference; explicitFileType = wrapper.cfbundle; includeInIndex = 0; path = OnMyFeet.xctest; sourceTree = BUILT_PRODUCTS_DIR; };
		2AAA60F31C72960300957BEF /* onMyFeetTests.swift */ = {isa = PBXFileReference; lastKnownFileType = sourcecode.swift; path = onMyFeetTests.swift; sourceTree = "<group>"; };
		2AAA60F51C72960300957BEF /* Info.plist */ = {isa = PBXFileReference; lastKnownFileType = text.plist.xml; path = Info.plist; sourceTree = "<group>"; };
		2ABFEC6F1C960EE00093D574 /* Constants.swift */ = {isa = PBXFileReference; fileEncoding = 4; lastKnownFileType = sourcecode.swift; path = Constants.swift; sourceTree = "<group>"; };
		2ABFEC721C9699630093D574 /* TestViewController.swift */ = {isa = PBXFileReference; fileEncoding = 4; lastKnownFileType = sourcecode.swift; path = TestViewController.swift; sourceTree = "<group>"; };
		2ADFEC9B1CAF4E1100DB16DA /* AlarmCell.swift */ = {isa = PBXFileReference; fileEncoding = 4; lastKnownFileType = sourcecode.swift; path = AlarmCell.swift; sourceTree = "<group>"; };
		2ADFEC9C1CAF4E1100DB16DA /* AlarmCell.xib */ = {isa = PBXFileReference; fileEncoding = 4; lastKnownFileType = file.xib; path = AlarmCell.xib; sourceTree = "<group>"; };
		2ADFEC9F1CAF556E00DB16DA /* NewAlarmController.swift */ = {isa = PBXFileReference; fileEncoding = 4; lastKnownFileType = sourcecode.swift; path = NewAlarmController.swift; sourceTree = "<group>"; };
		2ADFECA01CAF556E00DB16DA /* NewAlarmController.xib */ = {isa = PBXFileReference; fileEncoding = 4; lastKnownFileType = file.xib; path = NewAlarmController.xib; sourceTree = "<group>"; };
		2ADFECA61CAF615100DB16DA /* TimePickerCell.swift */ = {isa = PBXFileReference; fileEncoding = 4; lastKnownFileType = sourcecode.swift; path = TimePickerCell.swift; sourceTree = "<group>"; };
		2ADFECA71CAF615100DB16DA /* TimePickerCell.xib */ = {isa = PBXFileReference; fileEncoding = 4; lastKnownFileType = file.xib; path = TimePickerCell.xib; sourceTree = "<group>"; };
		2ADFECAA1CAF6C9300DB16DA /* RepeatViewController.swift */ = {isa = PBXFileReference; fileEncoding = 4; lastKnownFileType = sourcecode.swift; path = RepeatViewController.swift; sourceTree = "<group>"; };
		2ADFECAB1CAF6C9300DB16DA /* RepeatViewController.xib */ = {isa = PBXFileReference; fileEncoding = 4; lastKnownFileType = file.xib; path = RepeatViewController.xib; sourceTree = "<group>"; };
		2ADFECAE1CAF742500DB16DA /* AlarmLabelViewController.swift */ = {isa = PBXFileReference; fileEncoding = 4; lastKnownFileType = sourcecode.swift; path = AlarmLabelViewController.swift; sourceTree = "<group>"; };
		2ADFECAF1CAF742500DB16DA /* AlarmLabelViewController.xib */ = {isa = PBXFileReference; fileEncoding = 4; lastKnownFileType = file.xib; path = AlarmLabelViewController.xib; sourceTree = "<group>"; };
		2ADFECB21CAF756E00DB16DA /* LabelCell.swift */ = {isa = PBXFileReference; fileEncoding = 4; lastKnownFileType = sourcecode.swift; path = LabelCell.swift; sourceTree = "<group>"; };
		2ADFECB31CAF756E00DB16DA /* LabelCell.xib */ = {isa = PBXFileReference; fileEncoding = 4; lastKnownFileType = file.xib; path = LabelCell.xib; sourceTree = "<group>"; };
		2AF69B0C1CB0CC1B00A570E7 /* RepeatCell.swift */ = {isa = PBXFileReference; fileEncoding = 4; lastKnownFileType = sourcecode.swift; path = RepeatCell.swift; sourceTree = "<group>"; };
		2AF69B0D1CB0CC1B00A570E7 /* RepeatCell.xib */ = {isa = PBXFileReference; fileEncoding = 4; lastKnownFileType = file.xib; path = RepeatCell.xib; sourceTree = "<group>"; };
		2AF8357E1C7B560000287892 /* LogInViewController.swift */ = {isa = PBXFileReference; fileEncoding = 4; lastKnownFileType = sourcecode.swift; path = LogInViewController.swift; sourceTree = "<group>"; };
		2AF835801C7B7E9F00287892 /* MenuCell.swift */ = {isa = PBXFileReference; fileEncoding = 4; lastKnownFileType = sourcecode.swift; path = MenuCell.swift; sourceTree = "<group>"; };
		2AF9BE471CB07F0A007F534E /* Alarm+CoreDataProperties.swift */ = {isa = PBXFileReference; fileEncoding = 4; lastKnownFileType = sourcecode.swift; path = "Alarm+CoreDataProperties.swift"; sourceTree = "<group>"; };
		2AF9BE481CB07F0A007F534E /* Alarm.swift */ = {isa = PBXFileReference; fileEncoding = 4; lastKnownFileType = sourcecode.swift; path = Alarm.swift; sourceTree = "<group>"; };
		2AFBE8131CFB7EB00029B08F /* Goal+CoreDataProperties.swift */ = {isa = PBXFileReference; fileEncoding = 4; lastKnownFileType = sourcecode.swift; path = "Goal+CoreDataProperties.swift"; sourceTree = "<group>"; };
		320C6CBE8ABB473EBF484FB9 /* Pods-OnMyFeetTests.debug.xcconfig */ = {isa = PBXFileReference; includeInIndex = 1; lastKnownFileType = text.xcconfig; name = "Pods-OnMyFeetTests.debug.xcconfig"; path = "Pods/Target Support Files/Pods-OnMyFeetTests/Pods-OnMyFeetTests.debug.xcconfig"; sourceTree = "<group>"; };
		3E0782D07EC7255AAB4DF1AB /* Pods_OnMyFeetTests.framework */ = {isa = PBXFileReference; explicitFileType = wrapper.framework; includeInIndex = 0; path = Pods_OnMyFeetTests.framework; sourceTree = BUILT_PRODUCTS_DIR; };
		49BB503E3EE43BD95E5294D9 /* Pods_OnMyFeet.framework */ = {isa = PBXFileReference; explicitFileType = wrapper.framework; includeInIndex = 0; path = Pods_OnMyFeet.framework; sourceTree = BUILT_PRODUCTS_DIR; };
		A6DE8B1916BD7B2CDD486993 /* Pods-OnMyFeetTests.release.xcconfig */ = {isa = PBXFileReference; includeInIndex = 1; lastKnownFileType = text.xcconfig; name = "Pods-OnMyFeetTests.release.xcconfig"; path = "Pods/Target Support Files/Pods-OnMyFeetTests/Pods-OnMyFeetTests.release.xcconfig"; sourceTree = "<group>"; };
		BC286E178DDF9E0E05D66733 /* Pods-OnMyFeet.release.xcconfig */ = {isa = PBXFileReference; includeInIndex = 1; lastKnownFileType = text.xcconfig; name = "Pods-OnMyFeet.release.xcconfig"; path = "Pods/Target Support Files/Pods-OnMyFeet/Pods-OnMyFeet.release.xcconfig"; sourceTree = "<group>"; };
		EB2F92131CFE086B008E65FC /* BaseViewController.swift */ = {isa = PBXFileReference; fileEncoding = 4; lastKnownFileType = sourcecode.swift; path = BaseViewController.swift; sourceTree = "<group>"; };
		EB2F92161CFE0949008E65FC /* UIView+Additions.swift */ = {isa = PBXFileReference; fileEncoding = 4; lastKnownFileType = sourcecode.swift; path = "UIView+Additions.swift"; sourceTree = "<group>"; };
		EB2F92181CFE0970008E65FC /* UIColor+Additions.swift */ = {isa = PBXFileReference; fileEncoding = 4; lastKnownFileType = sourcecode.swift; path = "UIColor+Additions.swift"; sourceTree = "<group>"; };
/* End PBXFileReference section */

/* Begin PBXFrameworksBuildPhase section */
		2AAA60D51C72960300957BEF /* Frameworks */ = {
			isa = PBXFrameworksBuildPhase;
			buildActionMask = 2147483647;
			files = (
				2A7228C91DB737EA00C00BFE /* MagicalRecord.framework in Frameworks */,
				90AE812D27A2A0C9509E174D /* Pods_OnMyFeet.framework in Frameworks */,
			);
			runOnlyForDeploymentPostprocessing = 0;
		};
		2AAA60EC1C72960300957BEF /* Frameworks */ = {
			isa = PBXFrameworksBuildPhase;
			buildActionMask = 2147483647;
			files = (
				9E3A956A8BF11AC2DF772270 /* Pods_OnMyFeetTests.framework in Frameworks */,
			);
			runOnlyForDeploymentPostprocessing = 0;
		};
/* End PBXFrameworksBuildPhase section */

/* Begin PBXGroup section */
		2AAA60CF1C72960300957BEF = {
			isa = PBXGroup;
			children = (
				2AAA60DA1C72960300957BEF /* onMyFeet */,
				2AAA60F21C72960300957BEF /* onMyFeetTests */,
				2AAA60D91C72960300957BEF /* Products */,
				6A91F4E89EE85B12BA62CD43 /* Pods */,
				9A5F3C570D1E9FDA2E209372 /* Frameworks */,
			);
			sourceTree = "<group>";
		};
		2AAA60D91C72960300957BEF /* Products */ = {
			isa = PBXGroup;
			children = (
				2AAA60D81C72960300957BEF /* OnMyFeet.app */,
				2AAA60EF1C72960300957BEF /* OnMyFeet.xctest */,
			);
			name = Products;
			sourceTree = "<group>";
		};
		2AAA60DA1C72960300957BEF /* onMyFeet */ = {
			isa = PBXGroup;
			children = (
				2AAA60DF1C72960300957BEF /* Main.storyboard */,
				2AAA60E71C72960300957BEF /* LaunchScreen.storyboard */,
				2AAA60E51C72960300957BEF /* Assets.xcassets */,
				2AAA60DB1C72960300957BEF /* AppDelegate.swift */,
				2AF835871C7B8C3D00287892 /* GoalsTracking */,
				EB43673F1CFDE24E005CA193 /* Classes */,
				EB4367401CFDE262005CA193 /* Resources */,
				EB4367421CFDE29F005CA193 /* Supporting Files */,
			);
			path = onMyFeet;
			sourceTree = "<group>";
		};
		2AAA60F21C72960300957BEF /* onMyFeetTests */ = {
			isa = PBXGroup;
			children = (
				2AAA60F31C72960300957BEF /* onMyFeetTests.swift */,
				2AAA60F51C72960300957BEF /* Info.plist */,
			);
			path = onMyFeetTests;
			sourceTree = "<group>";
		};
		2AF835871C7B8C3D00287892 /* GoalsTracking */ = {
			isa = PBXGroup;
			children = (
				2AFBE8131CFB7EB00029B08F /* Goal+CoreDataProperties.swift */,
				187572EA1CB216650095F112 /* Goal.swift */,
				187572EC1CB216690095F112 /* GoalDataManager.swift */,
				18C896201CB212260075D3B6 /* GoalBackendData.swift */,
				187572EE1CB216750095F112 /* GoalsViewController.swift */,
				187572F01CB2167D0095F112 /* GoalsCollectionViewCell.swift */,
				187572F21CB216980095F112 /* ChooseGoalsViewController.swift */,
				187572F41CB2169C0095F112 /* ChooseGoalsCollectionViewCell.swift */,
				187572F61CB216A50095F112 /* PersonalizeGoalsViewController.swift */,
				187572F81CB216B30095F112 /* ViewGoalsViewController.swift */,
				187572FA1CB216B80095F112 /* ViewGoalsTableViewCell.swift */,
				187572FC1CB216BD0095F112 /* ViewActivitiesViewController.swift */,
				187572FE1CB216C20095F112 /* ViewActivitiesTableViewCell.swift */,
				187573001CB216CD0095F112 /* ChooseActivitiesTableViewController.swift */,
				187573021CB216D10095F112 /* ChooseActivitiesTableViewCell.swift */,
				187573041CB216D80095F112 /* HeaderCell.swift */,
				187573061CB216E30095F112 /* GradientSlider.swift */,
				18C896221CB212440075D3B6 /* LineChart.swift */,
				18C896241CB2124E0075D3B6 /* GradientBG.swift */,
			);
			name = GoalsTracking;
			sourceTree = "<group>";
		};
		6A91F4E89EE85B12BA62CD43 /* Pods */ = {
			isa = PBXGroup;
			children = (
				240F89CFB8837FD94FE6A809 /* Pods-OnMyFeet.debug.xcconfig */,
				BC286E178DDF9E0E05D66733 /* Pods-OnMyFeet.release.xcconfig */,
				320C6CBE8ABB473EBF484FB9 /* Pods-OnMyFeetTests.debug.xcconfig */,
				A6DE8B1916BD7B2CDD486993 /* Pods-OnMyFeetTests.release.xcconfig */,
			);
			name = Pods;
			sourceTree = "<group>";
		};
		9A5F3C570D1E9FDA2E209372 /* Frameworks */ = {
			isa = PBXGroup;
			children = (
				2A7228C81DB737EA00C00BFE /* MagicalRecord.framework */,
				49BB503E3EE43BD95E5294D9 /* Pods_OnMyFeet.framework */,
				3E0782D07EC7255AAB4DF1AB /* Pods_OnMyFeetTests.framework */,
			);
			name = Frameworks;
			sourceTree = "<group>";
		};
		EB43673A1CFDE220005CA193 /* Controller */ = {
			isa = PBXGroup;
			children = (
				2A03947E1CAE631800B2B1AE /* ActionViewController.swift */,
				2ADFECAE1CAF742500DB16DA /* AlarmLabelViewController.swift */,
				2ADFECAF1CAF742500DB16DA /* AlarmLabelViewController.xib */,
				EB2F92131CFE086B008E65FC /* BaseViewController.swift */,
				2A01948D1CAF7C7E00481E0F /* CheckInViewController.swift */,
				2AF8357E1C7B560000287892 /* LogInViewController.swift */,
				2ADFEC9F1CAF556E00DB16DA /* NewAlarmController.swift */,
				2ADFECA01CAF556E00DB16DA /* NewAlarmController.xib */,
				2A01948A1CAF7C0E00481E0F /* QuestionnaireViewController.swift */,
				2ADFECAA1CAF6C9300DB16DA /* RepeatViewController.swift */,
				2ADFECAB1CAF6C9300DB16DA /* RepeatViewController.xib */,
				2ABFEC721C9699630093D574 /* TestViewController.swift */,
				2AAA60DD1C72960300957BEF /* ViewController.swift */,
			);
			name = Controller;
			sourceTree = "<group>";
		};
		EB43673B1CFDE228005CA193 /* View */ = {
			isa = PBXGroup;
			children = (
				2ADFEC9B1CAF4E1100DB16DA /* AlarmCell.swift */,
				2ADFEC9C1CAF4E1100DB16DA /* AlarmCell.xib */,
				2A60D87C1CA6F07500205B01 /* DashView.swift */,
				2ADFECB21CAF756E00DB16DA /* LabelCell.swift */,
				2ADFECB31CAF756E00DB16DA /* LabelCell.xib */,
				2AF835801C7B7E9F00287892 /* MenuCell.swift */,
				2AF69B0C1CB0CC1B00A570E7 /* RepeatCell.swift */,
				2AF69B0D1CB0CC1B00A570E7 /* RepeatCell.xib */,
				2ADFECA61CAF615100DB16DA /* TimePickerCell.swift */,
				2ADFECA71CAF615100DB16DA /* TimePickerCell.xib */,
			);
			name = View;
			sourceTree = "<group>";
		};
		EB43673C1CFDE22C005CA193 /* Model */ = {
			isa = PBXGroup;
			children = (
				2AF9BE481CB07F0A007F534E /* Alarm.swift */,
				2AF9BE471CB07F0A007F534E /* Alarm+CoreDataProperties.swift */,
				2A2E41DF1C80AE8700E78A37 /* DailySummary.swift */,
				2A2E41DE1C80AE8700E78A37 /* DailySummary+CoreDataProperties.swift */,
				2A60D8801CA7026F00205B01 /* DataItem.swift */,
				2A0194871CAF7BD000481E0F /* IntradaySedentary.swift */,
				2A01948F1CAF7C9400481E0F /* IntradaySedentary+CoreDataProperties.swift */,
				2A0194931CAF7CAE00481E0F /* IntradaySleepTime.swift */,
				2A0194911CAF7CA100481E0F /* IntradaySleepTime+CoreDataProperties.swift */,
				2A2E41DD1C80AE8700E78A37 /* Person.swift */,
				2A2E41DC1C80AE8700E78A37 /* Person+CoreDataProperties.swift */,
				2A0194891CAF7C0E00481E0F /* Questionnaire.swift */,
				2A1F7C6F1C9296A700C942CF /* QuestionSet.swift */,
				2A1F7C6E1C9296A700C942CF /* QuestionSet+CoreDataProperties.swift */,
			);
			name = Model;
			sourceTree = "<group>";
		};
		EB43673D1CFDE232005CA193 /* Core */ = {
			isa = PBXGroup;
			children = (
				2A9FD5201CB19C0500CD3BEB /* ArrayDataConverter.swift */,
				2ABFEC6F1C960EE00093D574 /* Constants.swift */,
			);
			name = Core;
			sourceTree = "<group>";
		};
		EB43673E1CFDE23C005CA193 /* Categories */ = {
			isa = PBXGroup;
			children = (
				EB2F92161CFE0949008E65FC /* UIView+Additions.swift */,
				EB2F92181CFE0970008E65FC /* UIColor+Additions.swift */,
			);
			name = Categories;
			sourceTree = "<group>";
		};
		EB43673F1CFDE24E005CA193 /* Classes */ = {
			isa = PBXGroup;
			children = (
				EB43673E1CFDE23C005CA193 /* Categories */,
				EB43673A1CFDE220005CA193 /* Controller */,
				EB43673C1CFDE22C005CA193 /* Model */,
				EB43673B1CFDE228005CA193 /* View */,
				EB43673D1CFDE232005CA193 /* Core */,
				EB4367431CFDE3A8005CA193 /* Helper */,
			);
			name = Classes;
			sourceTree = "<group>";
		};
		EB4367401CFDE262005CA193 /* Resources */ = {
			isa = PBXGroup;
			children = (
				EB4367411CFDE276005CA193 /* DataModels */,
			);
			name = Resources;
			sourceTree = "<group>";
		};
		EB4367411CFDE276005CA193 /* DataModels */ = {
			isa = PBXGroup;
			children = (
				2AAA60E21C72960300957BEF /* OnMyFeet.xcdatamodeld */,
			);
			name = DataModels;
			sourceTree = "<group>";
		};
		EB4367421CFDE29F005CA193 /* Supporting Files */ = {
			isa = PBXGroup;
			children = (
				2AAA60EA1C72960300957BEF /* Info.plist */,
			);
			name = "Supporting Files";
			sourceTree = "<group>";
		};
		EB4367431CFDE3A8005CA193 /* Helper */ = {
			isa = PBXGroup;
			children = (
				2A3562AF1CA7260500C20CEF /* DateStruct.swift */,
			);
			name = Helper;
			sourceTree = "<group>";
		};
/* End PBXGroup section */

/* Begin PBXNativeTarget section */
		2AAA60D71C72960300957BEF /* OnMyFeet */ = {
			isa = PBXNativeTarget;
			buildConfigurationList = 2AAA60F81C72960300957BEF /* Build configuration list for PBXNativeTarget "OnMyFeet" */;
			buildPhases = (
				C34FDD5FA52CE02E25DC0DFE /* [CP] Check Pods Manifest.lock */,
				2AAA60D41C72960300957BEF /* Sources */,
				2AAA60D51C72960300957BEF /* Frameworks */,
				2AAA60D61C72960300957BEF /* Resources */,
				5371BC0BE045C3CAB4F2CFC1 /* [CP] Embed Pods Frameworks */,
				FDB50919F6E178B48FB0C185 /* [CP] Copy Pods Resources */,
			);
			buildRules = (
			);
			dependencies = (
			);
			name = OnMyFeet;
			productName = onMyFeet;
			productReference = 2AAA60D81C72960300957BEF /* OnMyFeet.app */;
			productType = "com.apple.product-type.application";
		};
		2AAA60EE1C72960300957BEF /* OnMyFeetTests */ = {
			isa = PBXNativeTarget;
			buildConfigurationList = 2AAA60FB1C72960300957BEF /* Build configuration list for PBXNativeTarget "OnMyFeetTests" */;
			buildPhases = (
				FD3C6E1EF6CE5FFD5794C594 /* [CP] Check Pods Manifest.lock */,
				2AAA60EB1C72960300957BEF /* Sources */,
				2AAA60EC1C72960300957BEF /* Frameworks */,
				2AAA60ED1C72960300957BEF /* Resources */,
				ED4A9BB8EFCA665E460F1A9D /* [CP] Embed Pods Frameworks */,
				35373534488435F82F01277A /* [CP] Copy Pods Resources */,
			);
			buildRules = (
			);
			dependencies = (
				2AAA60F11C72960300957BEF /* PBXTargetDependency */,
			);
			name = OnMyFeetTests;
			productName = onMyFeetTests;
			productReference = 2AAA60EF1C72960300957BEF /* OnMyFeet.xctest */;
			productType = "com.apple.product-type.bundle.unit-test";
		};
/* End PBXNativeTarget section */

/* Begin PBXProject section */
		2AAA60D01C72960300957BEF /* Project object */ = {
			isa = PBXProject;
			attributes = {
				LastSwiftUpdateCheck = 0720;
				LastUpgradeCheck = 0720;
				ORGANIZATIONNAME = "OnMyFeet Group";
				TargetAttributes = {
					2AAA60D71C72960300957BEF = {
						CreatedOnToolsVersion = 7.2;
						DevelopmentTeam = V6R2PW25Y7;
						LastSwiftMigration = 0800;
					};
					2AAA60EE1C72960300957BEF = {
						CreatedOnToolsVersion = 7.2;
						DevelopmentTeam = V6R2PW25Y7;
						LastSwiftMigration = 0800;
						TestTargetID = 2AAA60D71C72960300957BEF;
					};
				};
			};
			buildConfigurationList = 2AAA60D31C72960300957BEF /* Build configuration list for PBXProject "OnMyFeet" */;
			compatibilityVersion = "Xcode 3.2";
			developmentRegion = English;
			hasScannedForEncodings = 0;
			knownRegions = (
				en,
				Base,
			);
			mainGroup = 2AAA60CF1C72960300957BEF;
			productRefGroup = 2AAA60D91C72960300957BEF /* Products */;
			projectDirPath = "";
			projectRoot = "";
			targets = (
				2AAA60D71C72960300957BEF /* OnMyFeet */,
				2AAA60EE1C72960300957BEF /* OnMyFeetTests */,
			);
		};
/* End PBXProject section */

/* Begin PBXResourcesBuildPhase section */
		2AAA60D61C72960300957BEF /* Resources */ = {
			isa = PBXResourcesBuildPhase;
			buildActionMask = 2147483647;
			files = (
				2ADFECA91CAF615100DB16DA /* TimePickerCell.xib in Resources */,
				2ADFECB11CAF742500DB16DA /* AlarmLabelViewController.xib in Resources */,
				2AF69B0F1CB0CC1B00A570E7 /* RepeatCell.xib in Resources */,
				2AAA60E91C72960300957BEF /* LaunchScreen.storyboard in Resources */,
				2AAA60E61C72960300957BEF /* Assets.xcassets in Resources */,
				2ADFECA21CAF556E00DB16DA /* NewAlarmController.xib in Resources */,
				2AAA60E11C72960300957BEF /* Main.storyboard in Resources */,
				2ADFECB51CAF756E00DB16DA /* LabelCell.xib in Resources */,
				2ADFEC9E1CAF4E1100DB16DA /* AlarmCell.xib in Resources */,
				2ADFECAD1CAF6C9300DB16DA /* RepeatViewController.xib in Resources */,
			);
			runOnlyForDeploymentPostprocessing = 0;
		};
		2AAA60ED1C72960300957BEF /* Resources */ = {
			isa = PBXResourcesBuildPhase;
			buildActionMask = 2147483647;
			files = (
			);
			runOnlyForDeploymentPostprocessing = 0;
		};
/* End PBXResourcesBuildPhase section */

/* Begin PBXShellScriptBuildPhase section */
		35373534488435F82F01277A /* [CP] Copy Pods Resources */ = {
			isa = PBXShellScriptBuildPhase;
			buildActionMask = 2147483647;
			files = (
			);
			inputPaths = (
			);
			name = "[CP] Copy Pods Resources";
			outputPaths = (
			);
			runOnlyForDeploymentPostprocessing = 0;
			shellPath = /bin/sh;
			shellScript = "\"${SRCROOT}/Pods/Target Support Files/Pods-OnMyFeetTests/Pods-OnMyFeetTests-resources.sh\"\n";
			showEnvVarsInLog = 0;
		};
		5371BC0BE045C3CAB4F2CFC1 /* [CP] Embed Pods Frameworks */ = {
			isa = PBXShellScriptBuildPhase;
			buildActionMask = 2147483647;
			files = (
			);
			inputPaths = (
			);
			name = "[CP] Embed Pods Frameworks";
			outputPaths = (
			);
			runOnlyForDeploymentPostprocessing = 0;
			shellPath = /bin/sh;
			shellScript = "\"${SRCROOT}/Pods/Target Support Files/Pods-OnMyFeet/Pods-OnMyFeet-frameworks.sh\"\n";
			showEnvVarsInLog = 0;
		};
		C34FDD5FA52CE02E25DC0DFE /* [CP] Check Pods Manifest.lock */ = {
			isa = PBXShellScriptBuildPhase;
			buildActionMask = 2147483647;
			files = (
			);
			inputPaths = (
			);
			name = "[CP] Check Pods Manifest.lock";
			outputPaths = (
			);
			runOnlyForDeploymentPostprocessing = 0;
			shellPath = /bin/sh;
			shellScript = "diff \"${PODS_ROOT}/../Podfile.lock\" \"${PODS_ROOT}/Manifest.lock\" > /dev/null\nif [[ $? != 0 ]] ; then\n    cat << EOM\nerror: The sandbox is not in sync with the Podfile.lock. Run 'pod install' or update your CocoaPods installation.\nEOM\n    exit 1\nfi\n";
			showEnvVarsInLog = 0;
		};
		ED4A9BB8EFCA665E460F1A9D /* [CP] Embed Pods Frameworks */ = {
			isa = PBXShellScriptBuildPhase;
			buildActionMask = 2147483647;
			files = (
			);
			inputPaths = (
			);
			name = "[CP] Embed Pods Frameworks";
			outputPaths = (
			);
			runOnlyForDeploymentPostprocessing = 0;
			shellPath = /bin/sh;
			shellScript = "\"${SRCROOT}/Pods/Target Support Files/Pods-OnMyFeetTests/Pods-OnMyFeetTests-frameworks.sh\"\n";
			showEnvVarsInLog = 0;
		};
		FD3C6E1EF6CE5FFD5794C594 /* [CP] Check Pods Manifest.lock */ = {
			isa = PBXShellScriptBuildPhase;
			buildActionMask = 2147483647;
			files = (
			);
			inputPaths = (
			);
			name = "[CP] Check Pods Manifest.lock";
			outputPaths = (
			);
			runOnlyForDeploymentPostprocessing = 0;
			shellPath = /bin/sh;
			shellScript = "diff \"${PODS_ROOT}/../Podfile.lock\" \"${PODS_ROOT}/Manifest.lock\" > /dev/null\nif [[ $? != 0 ]] ; then\n    cat << EOM\nerror: The sandbox is not in sync with the Podfile.lock. Run 'pod install' or update your CocoaPods installation.\nEOM\n    exit 1\nfi\n";
			showEnvVarsInLog = 0;
		};
		FDB50919F6E178B48FB0C185 /* [CP] Copy Pods Resources */ = {
			isa = PBXShellScriptBuildPhase;
			buildActionMask = 2147483647;
			files = (
			);
			inputPaths = (
			);
			name = "[CP] Copy Pods Resources";
			outputPaths = (
			);
			runOnlyForDeploymentPostprocessing = 0;
			shellPath = /bin/sh;
			shellScript = "\"${SRCROOT}/Pods/Target Support Files/Pods-OnMyFeet/Pods-OnMyFeet-resources.sh\"\n";
			showEnvVarsInLog = 0;
		};
/* End PBXShellScriptBuildPhase section */

/* Begin PBXSourcesBuildPhase section */
		2AAA60D41C72960300957BEF /* Sources */ = {
			isa = PBXSourcesBuildPhase;
			buildActionMask = 2147483647;
			files = (
				2ABFEC731C9699630093D574 /* TestViewController.swift in Sources */,
				2A2E41E11C80AE8700E78A37 /* Person.swift in Sources */,
				2A0194901CAF7C9400481E0F /* IntradaySedentary+CoreDataProperties.swift in Sources */,
				2AF835811C7B7E9F00287892 /* MenuCell.swift in Sources */,
				187573071CB216E30095F112 /* GradientSlider.swift in Sources */,
				2ADFECB01CAF742500DB16DA /* AlarmLabelViewController.swift in Sources */,
				2A0194921CAF7CA100481E0F /* IntradaySleepTime+CoreDataProperties.swift in Sources */,
				18C896251CB2124E0075D3B6 /* GradientBG.swift in Sources */,
				187573051CB216D80095F112 /* HeaderCell.swift in Sources */,
				187572FD1CB216BD0095F112 /* ViewActivitiesViewController.swift in Sources */,
				18C896231CB212440075D3B6 /* LineChart.swift in Sources */,
				187572F51CB2169C0095F112 /* ChooseGoalsCollectionViewCell.swift in Sources */,
				2AAA60DE1C72960300957BEF /* ViewController.swift in Sources */,
				187572ED1CB216690095F112 /* GoalDataManager.swift in Sources */,
				2A0194881CAF7BD000481E0F /* IntradaySedentary.swift in Sources */,
				187572F91CB216B30095F112 /* ViewGoalsViewController.swift in Sources */,
				2A2E41E21C80AE8700E78A37 /* DailySummary+CoreDataProperties.swift in Sources */,
				2A1F7C701C9296A700C942CF /* QuestionSet+CoreDataProperties.swift in Sources */,
				2AFBE8141CFB7EB00029B08F /* Goal+CoreDataProperties.swift in Sources */,
				2A01948B1CAF7C0E00481E0F /* Questionnaire.swift in Sources */,
				187572F11CB2167D0095F112 /* GoalsCollectionViewCell.swift in Sources */,
				187572F31CB216980095F112 /* ChooseGoalsViewController.swift in Sources */,
				EB2F92191CFE0970008E65FC /* UIColor+Additions.swift in Sources */,
				2A01948C1CAF7C0E00481E0F /* QuestionnaireViewController.swift in Sources */,
				2A2E41E01C80AE8700E78A37 /* Person+CoreDataProperties.swift in Sources */,
				2AF9BE491CB07F0A007F534E /* Alarm+CoreDataProperties.swift in Sources */,
				187572EB1CB216650095F112 /* Goal.swift in Sources */,
				2AAA60DC1C72960300957BEF /* AppDelegate.swift in Sources */,
				187573011CB216CD0095F112 /* ChooseActivitiesTableViewController.swift in Sources */,
				18C896211CB212260075D3B6 /* GoalBackendData.swift in Sources */,
				2ADFEC9D1CAF4E1100DB16DA /* AlarmCell.swift in Sources */,
				2A03947F1CAE631800B2B1AE /* ActionViewController.swift in Sources */,
				EB2F92141CFE086B008E65FC /* BaseViewController.swift in Sources */,
				2ADFECA81CAF615100DB16DA /* TimePickerCell.swift in Sources */,
				2A2E41E31C80AE8700E78A37 /* DailySummary.swift in Sources */,
				2AF9BE4A1CB07F0A007F534E /* Alarm.swift in Sources */,
				2A1F7C711C9296A700C942CF /* QuestionSet.swift in Sources */,
				187572FB1CB216B80095F112 /* ViewGoalsTableViewCell.swift in Sources */,
				2A60D8811CA7026F00205B01 /* DataItem.swift in Sources */,
				2A0194941CAF7CAE00481E0F /* IntradaySleepTime.swift in Sources */,
				187572F71CB216A50095F112 /* PersonalizeGoalsViewController.swift in Sources */,
				2A01948E1CAF7C7E00481E0F /* CheckInViewController.swift in Sources */,
				2AF8357F1C7B560000287892 /* LogInViewController.swift in Sources */,
				2A3562B01CA7260500C20CEF /* DateStruct.swift in Sources */,
				2AF69B0E1CB0CC1B00A570E7 /* RepeatCell.swift in Sources */,
				187572FF1CB216C20095F112 /* ViewActivitiesTableViewCell.swift in Sources */,
				2ADFECA11CAF556E00DB16DA /* NewAlarmController.swift in Sources */,
				2A60D87D1CA6F07500205B01 /* DashView.swift in Sources */,
				EB2F92171CFE0949008E65FC /* UIView+Additions.swift in Sources */,
				187572EF1CB216750095F112 /* GoalsViewController.swift in Sources */,
				2AAA60E41C72960300957BEF /* OnMyFeet.xcdatamodeld in Sources */,
				2A9FD5211CB19C0500CD3BEB /* ArrayDataConverter.swift in Sources */,
				187573031CB216D10095F112 /* ChooseActivitiesTableViewCell.swift in Sources */,
				2ADFECAC1CAF6C9300DB16DA /* RepeatViewController.swift in Sources */,
				2ABFEC701C960EE00093D574 /* Constants.swift in Sources */,
				2ADFECB41CAF756E00DB16DA /* LabelCell.swift in Sources */,
			);
			runOnlyForDeploymentPostprocessing = 0;
		};
		2AAA60EB1C72960300957BEF /* Sources */ = {
			isa = PBXSourcesBuildPhase;
			buildActionMask = 2147483647;
			files = (
				2AAA60F41C72960300957BEF /* onMyFeetTests.swift in Sources */,
			);
			runOnlyForDeploymentPostprocessing = 0;
		};
/* End PBXSourcesBuildPhase section */

/* Begin PBXTargetDependency section */
		2AAA60F11C72960300957BEF /* PBXTargetDependency */ = {
			isa = PBXTargetDependency;
			target = 2AAA60D71C72960300957BEF /* OnMyFeet */;
			targetProxy = 2AAA60F01C72960300957BEF /* PBXContainerItemProxy */;
		};
/* End PBXTargetDependency section */

/* Begin PBXVariantGroup section */
		2AAA60DF1C72960300957BEF /* Main.storyboard */ = {
			isa = PBXVariantGroup;
			children = (
				2AAA60E01C72960300957BEF /* Base */,
			);
			name = Main.storyboard;
			sourceTree = "<group>";
		};
		2AAA60E71C72960300957BEF /* LaunchScreen.storyboard */ = {
			isa = PBXVariantGroup;
			children = (
				2AAA60E81C72960300957BEF /* Base */,
			);
			name = LaunchScreen.storyboard;
			sourceTree = "<group>";
		};
/* End PBXVariantGroup section */

/* Begin XCBuildConfiguration section */
		2AAA60F61C72960300957BEF /* Debug */ = {
			isa = XCBuildConfiguration;
			buildSettings = {
				ALWAYS_SEARCH_USER_PATHS = NO;
				CLANG_CXX_LANGUAGE_STANDARD = "gnu++0x";
				CLANG_CXX_LIBRARY = "libc++";
				CLANG_ENABLE_MODULES = YES;
				CLANG_ENABLE_OBJC_ARC = YES;
				CLANG_WARN_BOOL_CONVERSION = YES;
				CLANG_WARN_CONSTANT_CONVERSION = YES;
				CLANG_WARN_DIRECT_OBJC_ISA_USAGE = YES_ERROR;
				CLANG_WARN_EMPTY_BODY = YES;
				CLANG_WARN_ENUM_CONVERSION = YES;
				CLANG_WARN_INT_CONVERSION = YES;
				CLANG_WARN_OBJC_ROOT_CLASS = YES_ERROR;
				CLANG_WARN_UNREACHABLE_CODE = YES;
				CLANG_WARN__DUPLICATE_METHOD_MATCH = YES;
				"CODE_SIGN_IDENTITY[sdk=iphoneos*]" = "iPhone Developer";
				COPY_PHASE_STRIP = NO;
				DEBUG_INFORMATION_FORMAT = dwarf;
				ENABLE_STRICT_OBJC_MSGSEND = YES;
				ENABLE_TESTABILITY = YES;
				GCC_C_LANGUAGE_STANDARD = gnu99;
				GCC_DYNAMIC_NO_PIC = NO;
				GCC_NO_COMMON_BLOCKS = YES;
				GCC_OPTIMIZATION_LEVEL = 0;
				GCC_PREPROCESSOR_DEFINITIONS = (
					"DEBUG=1",
					"$(inherited)",
				);
				GCC_WARN_64_TO_32_BIT_CONVERSION = YES;
				GCC_WARN_ABOUT_RETURN_TYPE = YES_ERROR;
				GCC_WARN_UNDECLARED_SELECTOR = YES;
				GCC_WARN_UNINITIALIZED_AUTOS = YES_AGGRESSIVE;
				GCC_WARN_UNUSED_FUNCTION = YES;
				GCC_WARN_UNUSED_VARIABLE = YES;
				IPHONEOS_DEPLOYMENT_TARGET = 9.0;
				MTL_ENABLE_DEBUG_INFO = YES;
				ONLY_ACTIVE_ARCH = YES;
				SDKROOT = iphoneos;
				SWIFT_OPTIMIZATION_LEVEL = "-Onone";
			};
			name = Debug;
		};
		2AAA60F71C72960300957BEF /* Release */ = {
			isa = XCBuildConfiguration;
			buildSettings = {
				ALWAYS_SEARCH_USER_PATHS = NO;
				CLANG_CXX_LANGUAGE_STANDARD = "gnu++0x";
				CLANG_CXX_LIBRARY = "libc++";
				CLANG_ENABLE_MODULES = YES;
				CLANG_ENABLE_OBJC_ARC = YES;
				CLANG_WARN_BOOL_CONVERSION = YES;
				CLANG_WARN_CONSTANT_CONVERSION = YES;
				CLANG_WARN_DIRECT_OBJC_ISA_USAGE = YES_ERROR;
				CLANG_WARN_EMPTY_BODY = YES;
				CLANG_WARN_ENUM_CONVERSION = YES;
				CLANG_WARN_INT_CONVERSION = YES;
				CLANG_WARN_OBJC_ROOT_CLASS = YES_ERROR;
				CLANG_WARN_UNREACHABLE_CODE = YES;
				CLANG_WARN__DUPLICATE_METHOD_MATCH = YES;
				"CODE_SIGN_IDENTITY[sdk=iphoneos*]" = "iPhone Developer";
				COPY_PHASE_STRIP = NO;
				DEBUG_INFORMATION_FORMAT = "dwarf-with-dsym";
				ENABLE_NS_ASSERTIONS = NO;
				ENABLE_STRICT_OBJC_MSGSEND = YES;
				GCC_C_LANGUAGE_STANDARD = gnu99;
				GCC_NO_COMMON_BLOCKS = YES;
				GCC_WARN_64_TO_32_BIT_CONVERSION = YES;
				GCC_WARN_ABOUT_RETURN_TYPE = YES_ERROR;
				GCC_WARN_UNDECLARED_SELECTOR = YES;
				GCC_WARN_UNINITIALIZED_AUTOS = YES_AGGRESSIVE;
				GCC_WARN_UNUSED_FUNCTION = YES;
				GCC_WARN_UNUSED_VARIABLE = YES;
				IPHONEOS_DEPLOYMENT_TARGET = 9.0;
				MTL_ENABLE_DEBUG_INFO = NO;
				SDKROOT = iphoneos;
				VALIDATE_PRODUCT = YES;
			};
			name = Release;
		};
		2AAA60F91C72960300957BEF /* Debug */ = {
			isa = XCBuildConfiguration;
			baseConfigurationReference = 240F89CFB8837FD94FE6A809 /* Pods-OnMyFeet.debug.xcconfig */;
			buildSettings = {
				ASSETCATALOG_COMPILER_APPICON_NAME = AppIcon;
				DEVELOPMENT_TEAM = V6R2PW25Y7;
				INFOPLIST_FILE = onMyFeet/Info.plist;
				IPHONEOS_DEPLOYMENT_TARGET = 9.0;
				LD_RUNPATH_SEARCH_PATHS = "$(inherited) @executable_path/Frameworks";
				PRODUCT_BUNDLE_IDENTIFIER = com.ece1778.onMyFeet;
				PRODUCT_NAME = OnMyFeet;
				SWIFT_VERSION = 3.0;
				TARGETED_DEVICE_FAMILY = "1,2";
			};
			name = Debug;
		};
		2AAA60FA1C72960300957BEF /* Release */ = {
			isa = XCBuildConfiguration;
			baseConfigurationReference = BC286E178DDF9E0E05D66733 /* Pods-OnMyFeet.release.xcconfig */;
			buildSettings = {
				ASSETCATALOG_COMPILER_APPICON_NAME = AppIcon;
				DEVELOPMENT_TEAM = V6R2PW25Y7;
				INFOPLIST_FILE = onMyFeet/Info.plist;
				IPHONEOS_DEPLOYMENT_TARGET = 9.0;
				LD_RUNPATH_SEARCH_PATHS = "$(inherited) @executable_path/Frameworks";
				PRODUCT_BUNDLE_IDENTIFIER = com.ece1778.onMyFeet;
				PRODUCT_NAME = OnMyFeet;
				SWIFT_VERSION = 3.0;
				TARGETED_DEVICE_FAMILY = "1,2";
			};
			name = Release;
		};
		2AAA60FC1C72960300957BEF /* Debug */ = {
			isa = XCBuildConfiguration;
			baseConfigurationReference = 320C6CBE8ABB473EBF484FB9 /* Pods-OnMyFeetTests.debug.xcconfig */;
			buildSettings = {
				BUNDLE_LOADER = "$(TEST_HOST)";
				DEVELOPMENT_TEAM = V6R2PW25Y7;
				INFOPLIST_FILE = onMyFeetTests/Info.plist;
				LD_RUNPATH_SEARCH_PATHS = "$(inherited) @executable_path/Frameworks @loader_path/Frameworks";
				PRODUCT_BUNDLE_IDENTIFIER = com.ece1778.onMyFeetTests;
				PRODUCT_NAME = OnMyFeet;
				SWIFT_VERSION = 3.0;
				TEST_HOST = "$(BUILT_PRODUCTS_DIR)/OnMyFeet.app/OnMyFeet";
			};
			name = Debug;
		};
		2AAA60FD1C72960300957BEF /* Release */ = {
			isa = XCBuildConfiguration;
			baseConfigurationReference = A6DE8B1916BD7B2CDD486993 /* Pods-OnMyFeetTests.release.xcconfig */;
			buildSettings = {
				BUNDLE_LOADER = "$(TEST_HOST)";
				DEVELOPMENT_TEAM = V6R2PW25Y7;
				INFOPLIST_FILE = onMyFeetTests/Info.plist;
				LD_RUNPATH_SEARCH_PATHS = "$(inherited) @executable_path/Frameworks @loader_path/Frameworks";
				PRODUCT_BUNDLE_IDENTIFIER = com.ece1778.onMyFeetTests;
				PRODUCT_NAME = OnMyFeet;
				SWIFT_VERSION = 3.0;
				TEST_HOST = "$(BUILT_PRODUCTS_DIR)/OnMyFeet.app/OnMyFeet";
			};
			name = Release;
		};
/* End XCBuildConfiguration section */

/* Begin XCConfigurationList section */
		2AAA60D31C72960300957BEF /* Build configuration list for PBXProject "OnMyFeet" */ = {
			isa = XCConfigurationList;
			buildConfigurations = (
				2AAA60F61C72960300957BEF /* Debug */,
				2AAA60F71C72960300957BEF /* Release */,
			);
			defaultConfigurationIsVisible = 0;
			defaultConfigurationName = Release;
		};
		2AAA60F81C72960300957BEF /* Build configuration list for PBXNativeTarget "OnMyFeet" */ = {
			isa = XCConfigurationList;
			buildConfigurations = (
				2AAA60F91C72960300957BEF /* Debug */,
				2AAA60FA1C72960300957BEF /* Release */,
			);
			defaultConfigurationIsVisible = 0;
			defaultConfigurationName = Release;
		};
		2AAA60FB1C72960300957BEF /* Build configuration list for PBXNativeTarget "OnMyFeetTests" */ = {
			isa = XCConfigurationList;
			buildConfigurations = (
				2AAA60FC1C72960300957BEF /* Debug */,
				2AAA60FD1C72960300957BEF /* Release */,
			);
			defaultConfigurationIsVisible = 0;
			defaultConfigurationName = Release;
		};
/* End XCConfigurationList section */

/* Begin XCVersionGroup section */
		2AAA60E21C72960300957BEF /* OnMyFeet.xcdatamodeld */ = {
			isa = XCVersionGroup;
			children = (
				2AAA60E31C72960300957BEF /* OnMyFeet.xcdatamodel */,
			);
			currentVersion = 2AAA60E31C72960300957BEF /* OnMyFeet.xcdatamodel */;
			path = OnMyFeet.xcdatamodeld;
			sourceTree = "<group>";
			versionGroupType = wrapper.xcdatamodel;
		};
/* End XCVersionGroup section */
	};
	rootObject = 2AAA60D01C72960300957BEF /* Project object */;
}
