// !$*UTF8*$!
{
	archiveVersion = 1;
	classes = {
	};
	objectVersion = 46;
	objects = {

/* Begin PBXBuildFile section */
		2A2E41E01C80AE8700E78A37 /* Person+CoreDataProperties.swift in Sources */ = {isa = PBXBuildFile; fileRef = 2A2E41DC1C80AE8700E78A37 /* Person+CoreDataProperties.swift */; };
		2A2E41E11C80AE8700E78A37 /* Person.swift in Sources */ = {isa = PBXBuildFile; fileRef = 2A2E41DD1C80AE8700E78A37 /* Person.swift */; };
		2A2E41E21C80AE8700E78A37 /* DailySummary+CoreDataProperties.swift in Sources */ = {isa = PBXBuildFile; fileRef = 2A2E41DE1C80AE8700E78A37 /* DailySummary+CoreDataProperties.swift */; };
		2A2E41E31C80AE8700E78A37 /* DailySummary.swift in Sources */ = {isa = PBXBuildFile; fileRef = 2A2E41DF1C80AE8700E78A37 /* DailySummary.swift */; };
		2A2E41E71C80AF8100E78A37 /* ClientDataManager.swift in Sources */ = {isa = PBXBuildFile; fileRef = 2A2E41E61C80AF8100E78A37 /* ClientDataManager.swift */; };
		2A780F341C750B51000B2424 /* FitbitAPI.swift in Sources */ = {isa = PBXBuildFile; fileRef = 2A780F331C750B51000B2424 /* FitbitAPI.swift */; };
		2AAA60DC1C72960300957BEF /* AppDelegate.swift in Sources */ = {isa = PBXBuildFile; fileRef = 2AAA60DB1C72960300957BEF /* AppDelegate.swift */; };
		2AAA60DE1C72960300957BEF /* ViewController.swift in Sources */ = {isa = PBXBuildFile; fileRef = 2AAA60DD1C72960300957BEF /* ViewController.swift */; };
		2AAA60E11C72960300957BEF /* Main.storyboard in Resources */ = {isa = PBXBuildFile; fileRef = 2AAA60DF1C72960300957BEF /* Main.storyboard */; };
		2AAA60E41C72960300957BEF /* OnMyFeet.xcdatamodeld in Sources */ = {isa = PBXBuildFile; fileRef = 2AAA60E21C72960300957BEF /* OnMyFeet.xcdatamodeld */; };
		2AAA60E61C72960300957BEF /* Assets.xcassets in Resources */ = {isa = PBXBuildFile; fileRef = 2AAA60E51C72960300957BEF /* Assets.xcassets */; };
		2AAA60E91C72960300957BEF /* LaunchScreen.storyboard in Resources */ = {isa = PBXBuildFile; fileRef = 2AAA60E71C72960300957BEF /* LaunchScreen.storyboard */; };
		2AAA60F41C72960300957BEF /* onMyFeetTests.swift in Sources */ = {isa = PBXBuildFile; fileRef = 2AAA60F31C72960300957BEF /* onMyFeetTests.swift */; };
		2AF8357F1C7B560000287892 /* LogInViewController.swift in Sources */ = {isa = PBXBuildFile; fileRef = 2AF8357E1C7B560000287892 /* LogInViewController.swift */; };
		2AF835811C7B7E9F00287892 /* MenuCell.swift in Sources */ = {isa = PBXBuildFile; fileRef = 2AF835801C7B7E9F00287892 /* MenuCell.swift */; };
		2AF835831C7B84BC00287892 /* ProgressViewController.swift in Sources */ = {isa = PBXBuildFile; fileRef = 2AF835821C7B84BC00287892 /* ProgressViewController.swift */; };
		2AF835851C7B84F300287892 /* GoalsViewController.swift in Sources */ = {isa = PBXBuildFile; fileRef = 2AF835841C7B84F300287892 /* GoalsViewController.swift */; };
/* End PBXBuildFile section */

/* Begin PBXContainerItemProxy section */
		2AAA60F01C72960300957BEF /* PBXContainerItemProxy */ = {
			isa = PBXContainerItemProxy;
			containerPortal = 2AAA60D01C72960300957BEF /* Project object */;
			proxyType = 1;
			remoteGlobalIDString = 2AAA60D71C72960300957BEF;
			remoteInfo = onMyFeet;
		};
/* End PBXContainerItemProxy section */

/* Begin PBXFileReference section */
		2A2E41DC1C80AE8700E78A37 /* Person+CoreDataProperties.swift */ = {isa = PBXFileReference; fileEncoding = 4; lastKnownFileType = sourcecode.swift; path = "Person+CoreDataProperties.swift"; sourceTree = "<group>"; };
		2A2E41DD1C80AE8700E78A37 /* Person.swift */ = {isa = PBXFileReference; fileEncoding = 4; lastKnownFileType = sourcecode.swift; path = Person.swift; sourceTree = "<group>"; };
		2A2E41DE1C80AE8700E78A37 /* DailySummary+CoreDataProperties.swift */ = {isa = PBXFileReference; fileEncoding = 4; lastKnownFileType = sourcecode.swift; path = "DailySummary+CoreDataProperties.swift"; sourceTree = "<group>"; };
		2A2E41DF1C80AE8700E78A37 /* DailySummary.swift */ = {isa = PBXFileReference; fileEncoding = 4; lastKnownFileType = sourcecode.swift; path = DailySummary.swift; sourceTree = "<group>"; };
		2A2E41E61C80AF8100E78A37 /* ClientDataManager.swift */ = {isa = PBXFileReference; fileEncoding = 4; lastKnownFileType = sourcecode.swift; path = ClientDataManager.swift; sourceTree = "<group>"; };
		2A780F331C750B51000B2424 /* FitbitAPI.swift */ = {isa = PBXFileReference; fileEncoding = 4; lastKnownFileType = sourcecode.swift; path = FitbitAPI.swift; sourceTree = "<group>"; };
		2AAA60D81C72960300957BEF /* OnMyFeet.app */ = {isa = PBXFileReference; explicitFileType = wrapper.application; includeInIndex = 0; path = OnMyFeet.app; sourceTree = BUILT_PRODUCTS_DIR; };
		2AAA60DB1C72960300957BEF /* AppDelegate.swift */ = {isa = PBXFileReference; lastKnownFileType = sourcecode.swift; path = AppDelegate.swift; sourceTree = "<group>"; };
		2AAA60DD1C72960300957BEF /* ViewController.swift */ = {isa = PBXFileReference; lastKnownFileType = sourcecode.swift; path = ViewController.swift; sourceTree = "<group>"; };
		2AAA60E01C72960300957BEF /* Base */ = {isa = PBXFileReference; lastKnownFileType = file.storyboard; name = Base; path = Base.lproj/Main.storyboard; sourceTree = "<group>"; };
		2AAA60E31C72960300957BEF /* OnMyFeet.xcdatamodel */ = {isa = PBXFileReference; lastKnownFileType = wrapper.xcdatamodel; path = OnMyFeet.xcdatamodel; sourceTree = "<group>"; };
		2AAA60E51C72960300957BEF /* Assets.xcassets */ = {isa = PBXFileReference; lastKnownFileType = folder.assetcatalog; path = Assets.xcassets; sourceTree = "<group>"; };
		2AAA60E81C72960300957BEF /* Base */ = {isa = PBXFileReference; lastKnownFileType = file.storyboard; name = Base; path = Base.lproj/LaunchScreen.storyboard; sourceTree = "<group>"; };
		2AAA60EA1C72960300957BEF /* Info.plist */ = {isa = PBXFileReference; lastKnownFileType = text.plist.xml; path = Info.plist; sourceTree = "<group>"; };
		2AAA60EF1C72960300957BEF /* OnMyFeet.xctest */ = {isa = PBXFileReference; explicitFileType = wrapper.cfbundle; includeInIndex = 0; path = OnMyFeet.xctest; sourceTree = BUILT_PRODUCTS_DIR; };
		2AAA60F31C72960300957BEF /* onMyFeetTests.swift */ = {isa = PBXFileReference; lastKnownFileType = sourcecode.swift; path = onMyFeetTests.swift; sourceTree = "<group>"; };
		2AAA60F51C72960300957BEF /* Info.plist */ = {isa = PBXFileReference; lastKnownFileType = text.plist.xml; path = Info.plist; sourceTree = "<group>"; };
		2AF8357E1C7B560000287892 /* LogInViewController.swift */ = {isa = PBXFileReference; fileEncoding = 4; lastKnownFileType = sourcecode.swift; path = LogInViewController.swift; sourceTree = "<group>"; };
		2AF835801C7B7E9F00287892 /* MenuCell.swift */ = {isa = PBXFileReference; fileEncoding = 4; lastKnownFileType = sourcecode.swift; path = MenuCell.swift; sourceTree = "<group>"; };
		2AF835821C7B84BC00287892 /* ProgressViewController.swift */ = {isa = PBXFileReference; fileEncoding = 4; lastKnownFileType = sourcecode.swift; path = ProgressViewController.swift; sourceTree = "<group>"; };
		2AF835841C7B84F300287892 /* GoalsViewController.swift */ = {isa = PBXFileReference; fileEncoding = 4; lastKnownFileType = sourcecode.swift; path = GoalsViewController.swift; sourceTree = "<group>"; };
/* End PBXFileReference section */

/* Begin PBXFrameworksBuildPhase section */
		2AAA60D51C72960300957BEF /* Frameworks */ = {
			isa = PBXFrameworksBuildPhase;
			buildActionMask = 2147483647;
			files = (
			);
			runOnlyForDeploymentPostprocessing = 0;
		};
		2AAA60EC1C72960300957BEF /* Frameworks */ = {
			isa = PBXFrameworksBuildPhase;
			buildActionMask = 2147483647;
			files = (
			);
			runOnlyForDeploymentPostprocessing = 0;
		};
/* End PBXFrameworksBuildPhase section */

/* Begin PBXGroup section */
		2A2E41E51C80AEA600E78A37 /* DataBase */ = {
			isa = PBXGroup;
			children = (
				2A2E41E61C80AF8100E78A37 /* ClientDataManager.swift */,
				2A2E41DC1C80AE8700E78A37 /* Person+CoreDataProperties.swift */,
				2A2E41DD1C80AE8700E78A37 /* Person.swift */,
				2A2E41DE1C80AE8700E78A37 /* DailySummary+CoreDataProperties.swift */,
				2A2E41DF1C80AE8700E78A37 /* DailySummary.swift */,
			);
			name = DataBase;
			sourceTree = "<group>";
		};
		2AAA60CF1C72960300957BEF = {
			isa = PBXGroup;
			children = (
				2AAA60DA1C72960300957BEF /* onMyFeet */,
				2AAA60F21C72960300957BEF /* onMyFeetTests */,
				2AAA60D91C72960300957BEF /* Products */,
			);
			sourceTree = "<group>";
		};
		2AAA60D91C72960300957BEF /* Products */ = {
			isa = PBXGroup;
			children = (
				2AAA60D81C72960300957BEF /* OnMyFeet.app */,
				2AAA60EF1C72960300957BEF /* OnMyFeet.xctest */,
			);
			name = Products;
			sourceTree = "<group>";
		};
		2AAA60DA1C72960300957BEF /* onMyFeet */ = {
			isa = PBXGroup;
			children = (
				2AAA60DB1C72960300957BEF /* AppDelegate.swift */,
				2AF835891C7B8C6500287892 /* LogInMenu */,
				2AF835881C7B8C4C00287892 /* FitbitAPI */,
				2AF835871C7B8C3D00287892 /* GoalsTracking */,
				2AF835861C7B8C2A00287892 /* ProgressTracking */,
				2A2E41E51C80AEA600E78A37 /* DataBase */,
				2AAA60DF1C72960300957BEF /* Main.storyboard */,
				2AAA60E71C72960300957BEF /* LaunchScreen.storyboard */,
				2AAA60E51C72960300957BEF /* Assets.xcassets */,
				2AAA60EA1C72960300957BEF /* Info.plist */,
				2AAA60E21C72960300957BEF /* OnMyFeet.xcdatamodeld */,
			);
			path = onMyFeet;
			sourceTree = "<group>";
		};
		2AAA60F21C72960300957BEF /* onMyFeetTests */ = {
			isa = PBXGroup;
			children = (
				2AAA60F31C72960300957BEF /* onMyFeetTests.swift */,
				2AAA60F51C72960300957BEF /* Info.plist */,
			);
			path = onMyFeetTests;
			sourceTree = "<group>";
		};
		2AF835861C7B8C2A00287892 /* ProgressTracking */ = {
			isa = PBXGroup;
			children = (
				2AF835821C7B84BC00287892 /* ProgressViewController.swift */,
			);
			name = ProgressTracking;
			sourceTree = "<group>";
		};
		2AF835871C7B8C3D00287892 /* GoalsTracking */ = {
			isa = PBXGroup;
			children = (
				2AF835841C7B84F300287892 /* GoalsViewController.swift */,
			);
			name = GoalsTracking;
			sourceTree = "<group>";
		};
		2AF835881C7B8C4C00287892 /* FitbitAPI */ = {
			isa = PBXGroup;
			children = (
				2A780F331C750B51000B2424 /* FitbitAPI.swift */,
			);
			name = FitbitAPI;
			sourceTree = "<group>";
		};
		2AF835891C7B8C6500287892 /* LogInMenu */ = {
			isa = PBXGroup;
			children = (
				2AAA60DD1C72960300957BEF /* ViewController.swift */,
				2AF8357E1C7B560000287892 /* LogInViewController.swift */,
				2AF835801C7B7E9F00287892 /* MenuCell.swift */,
			);
			name = LogInMenu;
			sourceTree = "<group>";
		};
/* End PBXGroup section */

/* Begin PBXNativeTarget section */
		2AAA60D71C72960300957BEF /* OnMyFeet */ = {
			isa = PBXNativeTarget;
			buildConfigurationList = 2AAA60F81C72960300957BEF /* Build configuration list for PBXNativeTarget "OnMyFeet" */;
			buildPhases = (
				2AAA60D41C72960300957BEF /* Sources */,
				2AAA60D51C72960300957BEF /* Frameworks */,
				2AAA60D61C72960300957BEF /* Resources */,
			);
			buildRules = (
			);
			dependencies = (
			);
			name = OnMyFeet;
			productName = onMyFeet;
			productReference = 2AAA60D81C72960300957BEF /* OnMyFeet.app */;
			productType = "com.apple.product-type.application";
		};
		2AAA60EE1C72960300957BEF /* OnMyFeetTests */ = {
			isa = PBXNativeTarget;
			buildConfigurationList = 2AAA60FB1C72960300957BEF /* Build configuration list for PBXNativeTarget "OnMyFeetTests" */;
			buildPhases = (
				2AAA60EB1C72960300957BEF /* Sources */,
				2AAA60EC1C72960300957BEF /* Frameworks */,
				2AAA60ED1C72960300957BEF /* Resources */,
			);
			buildRules = (
			);
			dependencies = (
				2AAA60F11C72960300957BEF /* PBXTargetDependency */,
			);
			name = OnMyFeetTests;
			productName = onMyFeetTests;
			productReference = 2AAA60EF1C72960300957BEF /* OnMyFeet.xctest */;
			productType = "com.apple.product-type.bundle.unit-test";
		};
/* End PBXNativeTarget section */

/* Begin PBXProject section */
		2AAA60D01C72960300957BEF /* Project object */ = {
			isa = PBXProject;
			attributes = {
				LastSwiftUpdateCheck = 0720;
				LastUpgradeCheck = 0720;
				ORGANIZATIONNAME = "OnMyFeet Group";
				TargetAttributes = {
					2AAA60D71C72960300957BEF = {
						CreatedOnToolsVersion = 7.2;
					};
					2AAA60EE1C72960300957BEF = {
						CreatedOnToolsVersion = 7.2;
						TestTargetID = 2AAA60D71C72960300957BEF;
					};
				};
			};
			buildConfigurationList = 2AAA60D31C72960300957BEF /* Build configuration list for PBXProject "OnMyFeet" */;
			compatibilityVersion = "Xcode 3.2";
			developmentRegion = English;
			hasScannedForEncodings = 0;
			knownRegions = (
				en,
				Base,
			);
			mainGroup = 2AAA60CF1C72960300957BEF;
			productRefGroup = 2AAA60D91C72960300957BEF /* Products */;
			projectDirPath = "";
			projectRoot = "";
			targets = (
				2AAA60D71C72960300957BEF /* OnMyFeet */,
				2AAA60EE1C72960300957BEF /* OnMyFeetTests */,
			);
		};
/* End PBXProject section */

/* Begin PBXResourcesBuildPhase section */
		2AAA60D61C72960300957BEF /* Resources */ = {
			isa = PBXResourcesBuildPhase;
			buildActionMask = 2147483647;
			files = (
				2AAA60E91C72960300957BEF /* LaunchScreen.storyboard in Resources */,
				2AAA60E61C72960300957BEF /* Assets.xcassets in Resources */,
				2AAA60E11C72960300957BEF /* Main.storyboard in Resources */,
			);
			runOnlyForDeploymentPostprocessing = 0;
		};
		2AAA60ED1C72960300957BEF /* Resources */ = {
			isa = PBXResourcesBuildPhase;
			buildActionMask = 2147483647;
			files = (
			);
			runOnlyForDeploymentPostprocessing = 0;
		};
/* End PBXResourcesBuildPhase section */

/* Begin PBXSourcesBuildPhase section */
		2AAA60D41C72960300957BEF /* Sources */ = {
			isa = PBXSourcesBuildPhase;
			buildActionMask = 2147483647;
			files = (
				2A2E41E11C80AE8700E78A37 /* Person.swift in Sources */,
				2AF835811C7B7E9F00287892 /* MenuCell.swift in Sources */,
				2AAA60DE1C72960300957BEF /* ViewController.swift in Sources */,
				2A2E41E21C80AE8700E78A37 /* DailySummary+CoreDataProperties.swift in Sources */,
				2A2E41E01C80AE8700E78A37 /* Person+CoreDataProperties.swift in Sources */,
				2AAA60DC1C72960300957BEF /* AppDelegate.swift in Sources */,
				2A2E41E31C80AE8700E78A37 /* DailySummary.swift in Sources */,
				2AF835831C7B84BC00287892 /* ProgressViewController.swift in Sources */,
				2AF8357F1C7B560000287892 /* LogInViewController.swift in Sources */,
				2A780F341C750B51000B2424 /* FitbitAPI.swift in Sources */,
				2AAA60E41C72960300957BEF /* OnMyFeet.xcdatamodeld in Sources */,
				2A2E41E71C80AF8100E78A37 /* ClientDataManager.swift in Sources */,
				2AF835851C7B84F300287892 /* GoalsViewController.swift in Sources */,
			);
			runOnlyForDeploymentPostprocessing = 0;
		};
		2AAA60EB1C72960300957BEF /* Sources */ = {
			isa = PBXSourcesBuildPhase;
			buildActionMask = 2147483647;
			files = (
				2AAA60F41C72960300957BEF /* onMyFeetTests.swift in Sources */,
			);
			runOnlyForDeploymentPostprocessing = 0;
		};
/* End PBXSourcesBuildPhase section */

/* Begin PBXTargetDependency section */
		2AAA60F11C72960300957BEF /* PBXTargetDependency */ = {
			isa = PBXTargetDependency;
			target = 2AAA60D71C72960300957BEF /* OnMyFeet */;
			targetProxy = 2AAA60F01C72960300957BEF /* PBXContainerItemProxy */;
		};
/* End PBXTargetDependency section */

/* Begin PBXVariantGroup section */
		2AAA60DF1C72960300957BEF /* Main.storyboard */ = {
			isa = PBXVariantGroup;
			children = (
				2AAA60E01C72960300957BEF /* Base */,
			);
			name = Main.storyboard;
			sourceTree = "<group>";
		};
		2AAA60E71C72960300957BEF /* LaunchScreen.storyboard */ = {
			isa = PBXVariantGroup;
			children = (
				2AAA60E81C72960300957BEF /* Base */,
			);
			name = LaunchScreen.storyboard;
			sourceTree = "<group>";
		};
/* End PBXVariantGroup section */

/* Begin XCBuildConfiguration section */
		2AAA60F61C72960300957BEF /* Debug */ = {
			isa = XCBuildConfiguration;
			buildSettings = {
				ALWAYS_SEARCH_USER_PATHS = NO;
				CLANG_CXX_LANGUAGE_STANDARD = "gnu++0x";
				CLANG_CXX_LIBRARY = "libc++";
				CLANG_ENABLE_MODULES = YES;
				CLANG_ENABLE_OBJC_ARC = YES;
				CLANG_WARN_BOOL_CONVERSION = YES;
				CLANG_WARN_CONSTANT_CONVERSION = YES;
				CLANG_WARN_DIRECT_OBJC_ISA_USAGE = YES_ERROR;
				CLANG_WARN_EMPTY_BODY = YES;
				CLANG_WARN_ENUM_CONVERSION = YES;
				CLANG_WARN_INT_CONVERSION = YES;
				CLANG_WARN_OBJC_ROOT_CLASS = YES_ERROR;
				CLANG_WARN_UNREACHABLE_CODE = YES;
				CLANG_WARN__DUPLICATE_METHOD_MATCH = YES;
				"CODE_SIGN_IDENTITY[sdk=iphoneos*]" = "iPhone Developer";
				COPY_PHASE_STRIP = NO;
				DEBUG_INFORMATION_FORMAT = dwarf;
				ENABLE_STRICT_OBJC_MSGSEND = YES;
				ENABLE_TESTABILITY = YES;
				GCC_C_LANGUAGE_STANDARD = gnu99;
				GCC_DYNAMIC_NO_PIC = NO;
				GCC_NO_COMMON_BLOCKS = YES;
				GCC_OPTIMIZATION_LEVEL = 0;
				GCC_PREPROCESSOR_DEFINITIONS = (
					"DEBUG=1",
					"$(inherited)",
				);
				GCC_WARN_64_TO_32_BIT_CONVERSION = YES;
				GCC_WARN_ABOUT_RETURN_TYPE = YES_ERROR;
				GCC_WARN_UNDECLARED_SELECTOR = YES;
				GCC_WARN_UNINITIALIZED_AUTOS = YES_AGGRESSIVE;
				GCC_WARN_UNUSED_FUNCTION = YES;
				GCC_WARN_UNUSED_VARIABLE = YES;
				IPHONEOS_DEPLOYMENT_TARGET = 9.2;
				MTL_ENABLE_DEBUG_INFO = YES;
				ONLY_ACTIVE_ARCH = YES;
				SDKROOT = iphoneos;
				SWIFT_OPTIMIZATION_LEVEL = "-Onone";
			};
			name = Debug;
		};
		2AAA60F71C72960300957BEF /* Release */ = {
			isa = XCBuildConfiguration;
			buildSettings = {
				ALWAYS_SEARCH_USER_PATHS = NO;
				CLANG_CXX_LANGUAGE_STANDARD = "gnu++0x";
				CLANG_CXX_LIBRARY = "libc++";
				CLANG_ENABLE_MODULES = YES;
				CLANG_ENABLE_OBJC_ARC = YES;
				CLANG_WARN_BOOL_CONVERSION = YES;
				CLANG_WARN_CONSTANT_CONVERSION = YES;
				CLANG_WARN_DIRECT_OBJC_ISA_USAGE = YES_ERROR;
				CLANG_WARN_EMPTY_BODY = YES;
				CLANG_WARN_ENUM_CONVERSION = YES;
				CLANG_WARN_INT_CONVERSION = YES;
				CLANG_WARN_OBJC_ROOT_CLASS = YES_ERROR;
				CLANG_WARN_UNREACHABLE_CODE = YES;
				CLANG_WARN__DUPLICATE_METHOD_MATCH = YES;
				"CODE_SIGN_IDENTITY[sdk=iphoneos*]" = "iPhone Developer";
				COPY_PHASE_STRIP = NO;
				DEBUG_INFORMATION_FORMAT = "dwarf-with-dsym";
				ENABLE_NS_ASSERTIONS = NO;
				ENABLE_STRICT_OBJC_MSGSEND = YES;
				GCC_C_LANGUAGE_STANDARD = gnu99;
				GCC_NO_COMMON_BLOCKS = YES;
				GCC_WARN_64_TO_32_BIT_CONVERSION = YES;
				GCC_WARN_ABOUT_RETURN_TYPE = YES_ERROR;
				GCC_WARN_UNDECLARED_SELECTOR = YES;
				GCC_WARN_UNINITIALIZED_AUTOS = YES_AGGRESSIVE;
				GCC_WARN_UNUSED_FUNCTION = YES;
				GCC_WARN_UNUSED_VARIABLE = YES;
				IPHONEOS_DEPLOYMENT_TARGET = 9.2;
				MTL_ENABLE_DEBUG_INFO = NO;
				SDKROOT = iphoneos;
				VALIDATE_PRODUCT = YES;
			};
			name = Release;
		};
		2AAA60F91C72960300957BEF /* Debug */ = {
			isa = XCBuildConfiguration;
			buildSettings = {
				ASSETCATALOG_COMPILER_APPICON_NAME = AppIcon;
				INFOPLIST_FILE = onMyFeet/Info.plist;
				LD_RUNPATH_SEARCH_PATHS = "$(inherited) @executable_path/Frameworks";
				PRODUCT_BUNDLE_IDENTIFIER = com.ece1778.onMyFeet;
				PRODUCT_NAME = OnMyFeet;
			};
			name = Debug;
		};
		2AAA60FA1C72960300957BEF /* Release */ = {
			isa = XCBuildConfiguration;
			buildSettings = {
				ASSETCATALOG_COMPILER_APPICON_NAME = AppIcon;
				INFOPLIST_FILE = onMyFeet/Info.plist;
				LD_RUNPATH_SEARCH_PATHS = "$(inherited) @executable_path/Frameworks";
				PRODUCT_BUNDLE_IDENTIFIER = com.ece1778.onMyFeet;
				PRODUCT_NAME = OnMyFeet;
			};
			name = Release;
		};
		2AAA60FC1C72960300957BEF /* Debug */ = {
			isa = XCBuildConfiguration;
			buildSettings = {
				BUNDLE_LOADER = "$(TEST_HOST)";
				INFOPLIST_FILE = onMyFeetTests/Info.plist;
				LD_RUNPATH_SEARCH_PATHS = "$(inherited) @executable_path/Frameworks @loader_path/Frameworks";
				PRODUCT_BUNDLE_IDENTIFIER = com.ece1778.onMyFeetTests;
				PRODUCT_NAME = OnMyFeet;
				TEST_HOST = "$(BUILT_PRODUCTS_DIR)/OnMyFeet.app/OnMyFeet";
			};
			name = Debug;
		};
		2AAA60FD1C72960300957BEF /* Release */ = {
			isa = XCBuildConfiguration;
			buildSettings = {
				BUNDLE_LOADER = "$(TEST_HOST)";
				INFOPLIST_FILE = onMyFeetTests/Info.plist;
				LD_RUNPATH_SEARCH_PATHS = "$(inherited) @executable_path/Frameworks @loader_path/Frameworks";
				PRODUCT_BUNDLE_IDENTIFIER = com.ece1778.onMyFeetTests;
				PRODUCT_NAME = OnMyFeet;
				TEST_HOST = "$(BUILT_PRODUCTS_DIR)/OnMyFeet.app/OnMyFeet";
			};
			name = Release;
		};
/* End XCBuildConfiguration section */

/* Begin XCConfigurationList section */
		2AAA60D31C72960300957BEF /* Build configuration list for PBXProject "OnMyFeet" */ = {
			isa = XCConfigurationList;
			buildConfigurations = (
				2AAA60F61C72960300957BEF /* Debug */,
				2AAA60F71C72960300957BEF /* Release */,
			);
			defaultConfigurationIsVisible = 0;
			defaultConfigurationName = Release;
		};
		2AAA60F81C72960300957BEF /* Build configuration list for PBXNativeTarget "OnMyFeet" */ = {
			isa = XCConfigurationList;
			buildConfigurations = (
				2AAA60F91C72960300957BEF /* Debug */,
				2AAA60FA1C72960300957BEF /* Release */,
			);
			defaultConfigurationIsVisible = 0;
			defaultConfigurationName = Release;
		};
		2AAA60FB1C72960300957BEF /* Build configuration list for PBXNativeTarget "OnMyFeetTests" */ = {
			isa = XCConfigurationList;
			buildConfigurations = (
				2AAA60FC1C72960300957BEF /* Debug */,
				2AAA60FD1C72960300957BEF /* Release */,
			);
			defaultConfigurationIsVisible = 0;
			defaultConfigurationName = Release;
		};
/* End XCConfigurationList section */

/* Begin XCVersionGroup section */
		2AAA60E21C72960300957BEF /* OnMyFeet.xcdatamodeld */ = {
			isa = XCVersionGroup;
			children = (
				2AAA60E31C72960300957BEF /* OnMyFeet.xcdatamodel */,
			);
			currentVersion = 2AAA60E31C72960300957BEF /* OnMyFeet.xcdatamodel */;
			path = OnMyFeet.xcdatamodeld;
			sourceTree = "<group>";
			versionGroupType = wrapper.xcdatamodel;
		};
/* End XCVersionGroup section */
	};
	rootObject = 2AAA60D01C72960300957BEF /* Project object */;
}
